
Microsoft Visual Studio Solution File, Format Version 12.00
# Visual Studio 14
VisualStudioVersion = 14.0.25420.1
MinimumVisualStudioVersion = 10.0.40219.1
Project("{FAE04EC0-301F-11D3-BF4B-00C04F79EFBC}") = "ArabWaha.Core", "..\ArabWaha.Core\ArabWaha.Core.csproj", "{28061A56-5318-4174-96BA-78CD21984005}"
EndProject
Project("{FAE04EC0-301F-11D3-BF4B-00C04F79EFBC}") = "ArabWaha.Employer", "ArabWaha.Employer\ArabWaha.Employer\ArabWaha.Employer.csproj", "{021B576D-F662-4F8F-9B19-29674DD204E6}"
EndProject
Project("{FAE04EC0-301F-11D3-BF4B-00C04F79EFBC}") = "ArabWaha.Employer.Android", "ArabWaha.Employer\ArabWaha.Employer.Android\ArabWaha.Employer.Android.csproj", "{743FFAD6-0BD5-468C-90C8-413CA561D365}"
EndProject
Project("{FAE04EC0-301F-11D3-BF4B-00C04F79EFBC}") = "ArabWaha.Employer.iOS", "ArabWaha.Employer\ArabWaha.Employer.iOS\ArabWaha.Employer.iOS.csproj", "{270EE4FB-F0C5-4990-88B1-3AA51BBCBE5B}"
EndProject
Project("{2150E333-8FDC-42A3-9474-1A3956D46DE8}") = "Common", "Common", "{C4137954-3065-494F-B2AE-4FD2D96D7F7A}"
EndProject
Project("{FAE04EC0-301F-11D3-BF4B-00C04F79EFBC}") = "ArabWaha.Common.Forms", "..\ArabWaha.Common\ArabWaha.Common.Forms\ArabWaha.Common.Forms.csproj", "{67F9D3A8-F71E-4428-913F-C37AE82CDB24}"
EndProject
Project("{FAE04EC0-301F-11D3-BF4B-00C04F79EFBC}") = "ArabWaha.Common.iOS", "..\ArabWaha.Common\ArabWaha.Common.iOS\ArabWaha.Common.iOS.csproj", "{A0BC7FFF-F749-4211-9C78-8E222E1C5A54}"
EndProject
Project("{2150E333-8FDC-42A3-9474-1A3956D46DE8}") = "Libs", "Libs", "{73CBD491-8A4E-4A87-9818-C44B2CCF89ED}"
	ProjectSection(SolutionItems) = preProject
		..\ArabWaha.Common\Libs\NStackPortable.dll = ..\ArabWaha.Common\Libs\NStackPortable.dll
		..\ArabWaha.Common\Libs\XLabs.Core.dll = ..\ArabWaha.Common\Libs\XLabs.Core.dll
		..\ArabWaha.Common\Libs\XLabs.Forms.dll = ..\ArabWaha.Common\Libs\XLabs.Forms.dll
		..\ArabWaha.Common\Libs\XLabs.Forms.Droid.dll = ..\ArabWaha.Common\Libs\XLabs.Forms.Droid.dll
		..\ArabWaha.Common\Libs\XLabs.Forms.iOS.dll = ..\ArabWaha.Common\Libs\XLabs.Forms.iOS.dll
		..\ArabWaha.Common\Libs\XLabs.IOC.dll = ..\ArabWaha.Common\Libs\XLabs.IOC.dll
		..\ArabWaha.Common\Libs\XLabs.Platform.dll = ..\ArabWaha.Common\Libs\XLabs.Platform.dll
		..\ArabWaha.Common\Libs\XLabs.Platform.Droid.dll = ..\ArabWaha.Common\Libs\XLabs.Platform.Droid.dll
		..\ArabWaha.Common\Libs\XLabs.Platform.iOS.dll = ..\ArabWaha.Common\Libs\XLabs.Platform.iOS.dll
		..\ArabWaha.Common\Libs\XLabs.Serialization.dll = ..\ArabWaha.Common\Libs\XLabs.Serialization.dll
	EndProjectSection
EndProject
Project("{FAE04EC0-301F-11D3-BF4B-00C04F79EFBC}") = "ArabWaha.Common.Droid", "..\ArabWaha.Common\ArabWaha.Common.Driod\ArabWaha.Common.Droid.csproj", "{6F1EB7D3-C497-4F7A-84FE-9151023403A9}"
EndProject
Global
	GlobalSection(SolutionConfigurationPlatforms) = preSolution
		Ad-Hoc|Any CPU = Ad-Hoc|Any CPU
		Ad-Hoc|ARM = Ad-Hoc|ARM
		Ad-Hoc|iPhone = Ad-Hoc|iPhone
		Ad-Hoc|iPhoneSimulator = Ad-Hoc|iPhoneSimulator
		Ad-Hoc|x64 = Ad-Hoc|x64
		Ad-Hoc|x86 = Ad-Hoc|x86
		AppStore|Any CPU = AppStore|Any CPU
		AppStore|ARM = AppStore|ARM
		AppStore|iPhone = AppStore|iPhone
		AppStore|iPhoneSimulator = AppStore|iPhoneSimulator
		AppStore|x64 = AppStore|x64
		AppStore|x86 = AppStore|x86
		Debug|Any CPU = Debug|Any CPU
		Debug|ARM = Debug|ARM
		Debug|iPhone = Debug|iPhone
		Debug|iPhoneSimulator = Debug|iPhoneSimulator
		Debug|x64 = Debug|x64
		Debug|x86 = Debug|x86
		Release|Any CPU = Release|Any CPU
		Release|ARM = Release|ARM
		Release|iPhone = Release|iPhone
		Release|iPhoneSimulator = Release|iPhoneSimulator
		Release|x64 = Release|x64
		Release|x86 = Release|x86
	EndGlobalSection
	GlobalSection(ProjectConfigurationPlatforms) = postSolution
		{28061A56-5318-4174-96BA-78CD21984005}.Ad-Hoc|Any CPU.ActiveCfg = Release|Any CPU
		{28061A56-5318-4174-96BA-78CD21984005}.Ad-Hoc|Any CPU.Build.0 = Release|Any CPU
		{28061A56-5318-4174-96BA-78CD21984005}.Ad-Hoc|ARM.ActiveCfg = Release|Any CPU
		{28061A56-5318-4174-96BA-78CD21984005}.Ad-Hoc|ARM.Build.0 = Release|Any CPU
		{28061A56-5318-4174-96BA-78CD21984005}.Ad-Hoc|iPhone.ActiveCfg = Release|Any CPU
		{28061A56-5318-4174-96BA-78CD21984005}.Ad-Hoc|iPhone.Build.0 = Release|Any CPU
		{28061A56-5318-4174-96BA-78CD21984005}.Ad-Hoc|iPhoneSimulator.ActiveCfg = Release|Any CPU
		{28061A56-5318-4174-96BA-78CD21984005}.Ad-Hoc|iPhoneSimulator.Build.0 = Release|Any CPU
		{28061A56-5318-4174-96BA-78CD21984005}.Ad-Hoc|x64.ActiveCfg = Release|Any CPU
		{28061A56-5318-4174-96BA-78CD21984005}.Ad-Hoc|x64.Build.0 = Release|Any CPU
		{28061A56-5318-4174-96BA-78CD21984005}.Ad-Hoc|x86.ActiveCfg = Release|Any CPU
		{28061A56-5318-4174-96BA-78CD21984005}.Ad-Hoc|x86.Build.0 = Release|Any CPU
		{28061A56-5318-4174-96BA-78CD21984005}.AppStore|Any CPU.ActiveCfg = Release|Any CPU
		{28061A56-5318-4174-96BA-78CD21984005}.AppStore|Any CPU.Build.0 = Release|Any CPU
		{28061A56-5318-4174-96BA-78CD21984005}.AppStore|ARM.ActiveCfg = Release|Any CPU
		{28061A56-5318-4174-96BA-78CD21984005}.AppStore|ARM.Build.0 = Release|Any CPU
		{28061A56-5318-4174-96BA-78CD21984005}.AppStore|iPhone.ActiveCfg = Release|Any CPU
		{28061A56-5318-4174-96BA-78CD21984005}.AppStore|iPhone.Build.0 = Release|Any CPU
		{28061A56-5318-4174-96BA-78CD21984005}.AppStore|iPhoneSimulator.ActiveCfg = Release|Any CPU
		{28061A56-5318-4174-96BA-78CD21984005}.AppStore|iPhoneSimulator.Build.0 = Release|Any CPU
		{28061A56-5318-4174-96BA-78CD21984005}.AppStore|x64.ActiveCfg = Release|Any CPU
		{28061A56-5318-4174-96BA-78CD21984005}.AppStore|x64.Build.0 = Release|Any CPU
		{28061A56-5318-4174-96BA-78CD21984005}.AppStore|x86.ActiveCfg = Release|Any CPU
		{28061A56-5318-4174-96BA-78CD21984005}.AppStore|x86.Build.0 = Release|Any CPU
		{28061A56-5318-4174-96BA-78CD21984005}.Debug|Any CPU.ActiveCfg = Debug|Any CPU
		{28061A56-5318-4174-96BA-78CD21984005}.Debug|Any CPU.Build.0 = Debug|Any CPU
		{28061A56-5318-4174-96BA-78CD21984005}.Debug|ARM.ActiveCfg = Debug|Any CPU
		{28061A56-5318-4174-96BA-78CD21984005}.Debug|ARM.Build.0 = Debug|Any CPU
		{28061A56-5318-4174-96BA-78CD21984005}.Debug|iPhone.ActiveCfg = Debug|Any CPU
		{28061A56-5318-4174-96BA-78CD21984005}.Debug|iPhone.Build.0 = Debug|Any CPU
		{28061A56-5318-4174-96BA-78CD21984005}.Debug|iPhoneSimulator.ActiveCfg = Debug|Any CPU
		{28061A56-5318-4174-96BA-78CD21984005}.Debug|iPhoneSimulator.Build.0 = Debug|Any CPU
		{28061A56-5318-4174-96BA-78CD21984005}.Debug|x64.ActiveCfg = Debug|Any CPU
		{28061A56-5318-4174-96BA-78CD21984005}.Debug|x64.Build.0 = Debug|Any CPU
		{28061A56-5318-4174-96BA-78CD21984005}.Debug|x86.ActiveCfg = Debug|Any CPU
		{28061A56-5318-4174-96BA-78CD21984005}.Debug|x86.Build.0 = Debug|Any CPU
		{28061A56-5318-4174-96BA-78CD21984005}.Release|Any CPU.ActiveCfg = Release|Any CPU
		{28061A56-5318-4174-96BA-78CD21984005}.Release|Any CPU.Build.0 = Release|Any CPU
		{28061A56-5318-4174-96BA-78CD21984005}.Release|ARM.ActiveCfg = Release|Any CPU
		{28061A56-5318-4174-96BA-78CD21984005}.Release|ARM.Build.0 = Release|Any CPU
		{28061A56-5318-4174-96BA-78CD21984005}.Release|iPhone.ActiveCfg = Release|Any CPU
		{28061A56-5318-4174-96BA-78CD21984005}.Release|iPhone.Build.0 = Release|Any CPU
		{28061A56-5318-4174-96BA-78CD21984005}.Release|iPhoneSimulator.ActiveCfg = Release|Any CPU
		{28061A56-5318-4174-96BA-78CD21984005}.Release|iPhoneSimulator.Build.0 = Release|Any CPU
		{28061A56-5318-4174-96BA-78CD21984005}.Release|x64.ActiveCfg = Release|Any CPU
		{28061A56-5318-4174-96BA-78CD21984005}.Release|x64.Build.0 = Release|Any CPU
		{28061A56-5318-4174-96BA-78CD21984005}.Release|x86.ActiveCfg = Release|Any CPU
		{28061A56-5318-4174-96BA-78CD21984005}.Release|x86.Build.0 = Release|Any CPU
		{021B576D-F662-4F8F-9B19-29674DD204E6}.Ad-Hoc|Any CPU.ActiveCfg = Release|Any CPU
		{021B576D-F662-4F8F-9B19-29674DD204E6}.Ad-Hoc|Any CPU.Build.0 = Release|Any CPU
		{021B576D-F662-4F8F-9B19-29674DD204E6}.Ad-Hoc|ARM.ActiveCfg = Release|Any CPU
		{021B576D-F662-4F8F-9B19-29674DD204E6}.Ad-Hoc|ARM.Build.0 = Release|Any CPU
		{021B576D-F662-4F8F-9B19-29674DD204E6}.Ad-Hoc|iPhone.ActiveCfg = Release|Any CPU
		{021B576D-F662-4F8F-9B19-29674DD204E6}.Ad-Hoc|iPhone.Build.0 = Release|Any CPU
		{021B576D-F662-4F8F-9B19-29674DD204E6}.Ad-Hoc|iPhoneSimulator.ActiveCfg = Release|Any CPU
		{021B576D-F662-4F8F-9B19-29674DD204E6}.Ad-Hoc|iPhoneSimulator.Build.0 = Release|Any CPU
		{021B576D-F662-4F8F-9B19-29674DD204E6}.Ad-Hoc|x64.ActiveCfg = Release|Any CPU
		{021B576D-F662-4F8F-9B19-29674DD204E6}.Ad-Hoc|x64.Build.0 = Release|Any CPU
		{021B576D-F662-4F8F-9B19-29674DD204E6}.Ad-Hoc|x86.ActiveCfg = Release|Any CPU
		{021B576D-F662-4F8F-9B19-29674DD204E6}.Ad-Hoc|x86.Build.0 = Release|Any CPU
		{021B576D-F662-4F8F-9B19-29674DD204E6}.AppStore|Any CPU.ActiveCfg = Release|Any CPU
		{021B576D-F662-4F8F-9B19-29674DD204E6}.AppStore|Any CPU.Build.0 = Release|Any CPU
		{021B576D-F662-4F8F-9B19-29674DD204E6}.AppStore|ARM.ActiveCfg = Release|Any CPU
		{021B576D-F662-4F8F-9B19-29674DD204E6}.AppStore|ARM.Build.0 = Release|Any CPU
		{021B576D-F662-4F8F-9B19-29674DD204E6}.AppStore|iPhone.ActiveCfg = Release|Any CPU
		{021B576D-F662-4F8F-9B19-29674DD204E6}.AppStore|iPhone.Build.0 = Release|Any CPU
		{021B576D-F662-4F8F-9B19-29674DD204E6}.AppStore|iPhoneSimulator.ActiveCfg = Release|Any CPU
		{021B576D-F662-4F8F-9B19-29674DD204E6}.AppStore|iPhoneSimulator.Build.0 = Release|Any CPU
		{021B576D-F662-4F8F-9B19-29674DD204E6}.AppStore|x64.ActiveCfg = Release|Any CPU
		{021B576D-F662-4F8F-9B19-29674DD204E6}.AppStore|x64.Build.0 = Release|Any CPU
		{021B576D-F662-4F8F-9B19-29674DD204E6}.AppStore|x86.ActiveCfg = Release|Any CPU
		{021B576D-F662-4F8F-9B19-29674DD204E6}.AppStore|x86.Build.0 = Release|Any CPU
		{021B576D-F662-4F8F-9B19-29674DD204E6}.Debug|Any CPU.ActiveCfg = Debug|Any CPU
		{021B576D-F662-4F8F-9B19-29674DD204E6}.Debug|Any CPU.Build.0 = Debug|Any CPU
		{021B576D-F662-4F8F-9B19-29674DD204E6}.Debug|ARM.ActiveCfg = Debug|Any CPU
		{021B576D-F662-4F8F-9B19-29674DD204E6}.Debug|ARM.Build.0 = Debug|Any CPU
		{021B576D-F662-4F8F-9B19-29674DD204E6}.Debug|iPhone.ActiveCfg = Debug|Any CPU
		{021B576D-F662-4F8F-9B19-29674DD204E6}.Debug|iPhone.Build.0 = Debug|Any CPU
		{021B576D-F662-4F8F-9B19-29674DD204E6}.Debug|iPhoneSimulator.ActiveCfg = Debug|Any CPU
		{021B576D-F662-4F8F-9B19-29674DD204E6}.Debug|iPhoneSimulator.Build.0 = Debug|Any CPU
		{021B576D-F662-4F8F-9B19-29674DD204E6}.Debug|x64.ActiveCfg = Debug|Any CPU
		{021B576D-F662-4F8F-9B19-29674DD204E6}.Debug|x64.Build.0 = Debug|Any CPU
		{021B576D-F662-4F8F-9B19-29674DD204E6}.Debug|x86.ActiveCfg = Debug|Any CPU
		{021B576D-F662-4F8F-9B19-29674DD204E6}.Debug|x86.Build.0 = Debug|Any CPU
		{021B576D-F662-4F8F-9B19-29674DD204E6}.Release|Any CPU.ActiveCfg = Release|Any CPU
		{021B576D-F662-4F8F-9B19-29674DD204E6}.Release|Any CPU.Build.0 = Release|Any CPU
		{021B576D-F662-4F8F-9B19-29674DD204E6}.Release|ARM.ActiveCfg = Release|Any CPU
		{021B576D-F662-4F8F-9B19-29674DD204E6}.Release|ARM.Build.0 = Release|Any CPU
		{021B576D-F662-4F8F-9B19-29674DD204E6}.Release|iPhone.ActiveCfg = Release|Any CPU
		{021B576D-F662-4F8F-9B19-29674DD204E6}.Release|iPhone.Build.0 = Release|Any CPU
		{021B576D-F662-4F8F-9B19-29674DD204E6}.Release|iPhoneSimulator.ActiveCfg = Release|Any CPU
		{021B576D-F662-4F8F-9B19-29674DD204E6}.Release|iPhoneSimulator.Build.0 = Release|Any CPU
		{021B576D-F662-4F8F-9B19-29674DD204E6}.Release|x64.ActiveCfg = Release|Any CPU
		{021B576D-F662-4F8F-9B19-29674DD204E6}.Release|x64.Build.0 = Release|Any CPU
		{021B576D-F662-4F8F-9B19-29674DD204E6}.Release|x86.ActiveCfg = Release|Any CPU
		{021B576D-F662-4F8F-9B19-29674DD204E6}.Release|x86.Build.0 = Release|Any CPU
		{743FFAD6-0BD5-468C-90C8-413CA561D365}.Ad-Hoc|Any CPU.ActiveCfg = Release|Any CPU
		{743FFAD6-0BD5-468C-90C8-413CA561D365}.Ad-Hoc|Any CPU.Build.0 = Release|Any CPU
		{743FFAD6-0BD5-468C-90C8-413CA561D365}.Ad-Hoc|Any CPU.Deploy.0 = Release|Any CPU
		{743FFAD6-0BD5-468C-90C8-413CA561D365}.Ad-Hoc|ARM.ActiveCfg = Release|Any CPU
		{743FFAD6-0BD5-468C-90C8-413CA561D365}.Ad-Hoc|ARM.Build.0 = Release|Any CPU
		{743FFAD6-0BD5-468C-90C8-413CA561D365}.Ad-Hoc|ARM.Deploy.0 = Release|Any CPU
		{743FFAD6-0BD5-468C-90C8-413CA561D365}.Ad-Hoc|iPhone.ActiveCfg = Release|Any CPU
		{743FFAD6-0BD5-468C-90C8-413CA561D365}.Ad-Hoc|iPhone.Build.0 = Release|Any CPU
		{743FFAD6-0BD5-468C-90C8-413CA561D365}.Ad-Hoc|iPhone.Deploy.0 = Release|Any CPU
		{743FFAD6-0BD5-468C-90C8-413CA561D365}.Ad-Hoc|iPhoneSimulator.ActiveCfg = Release|Any CPU
		{743FFAD6-0BD5-468C-90C8-413CA561D365}.Ad-Hoc|iPhoneSimulator.Build.0 = Release|Any CPU
		{743FFAD6-0BD5-468C-90C8-413CA561D365}.Ad-Hoc|iPhoneSimulator.Deploy.0 = Release|Any CPU
		{743FFAD6-0BD5-468C-90C8-413CA561D365}.Ad-Hoc|x64.ActiveCfg = Release|Any CPU
		{743FFAD6-0BD5-468C-90C8-413CA561D365}.Ad-Hoc|x64.Build.0 = Release|Any CPU
		{743FFAD6-0BD5-468C-90C8-413CA561D365}.Ad-Hoc|x64.Deploy.0 = Release|Any CPU
		{743FFAD6-0BD5-468C-90C8-413CA561D365}.Ad-Hoc|x86.ActiveCfg = Release|Any CPU
		{743FFAD6-0BD5-468C-90C8-413CA561D365}.Ad-Hoc|x86.Build.0 = Release|Any CPU
		{743FFAD6-0BD5-468C-90C8-413CA561D365}.Ad-Hoc|x86.Deploy.0 = Release|Any CPU
		{743FFAD6-0BD5-468C-90C8-413CA561D365}.AppStore|Any CPU.ActiveCfg = Release|Any CPU
		{743FFAD6-0BD5-468C-90C8-413CA561D365}.AppStore|Any CPU.Build.0 = Release|Any CPU
		{743FFAD6-0BD5-468C-90C8-413CA561D365}.AppStore|Any CPU.Deploy.0 = Release|Any CPU
		{743FFAD6-0BD5-468C-90C8-413CA561D365}.AppStore|ARM.ActiveCfg = Release|Any CPU
		{743FFAD6-0BD5-468C-90C8-413CA561D365}.AppStore|ARM.Build.0 = Release|Any CPU
		{743FFAD6-0BD5-468C-90C8-413CA561D365}.AppStore|ARM.Deploy.0 = Release|Any CPU
		{743FFAD6-0BD5-468C-90C8-413CA561D365}.AppStore|iPhone.ActiveCfg = Release|Any CPU
		{743FFAD6-0BD5-468C-90C8-413CA561D365}.AppStore|iPhone.Build.0 = Release|Any CPU
		{743FFAD6-0BD5-468C-90C8-413CA561D365}.AppStore|iPhone.Deploy.0 = Release|Any CPU
		{743FFAD6-0BD5-468C-90C8-413CA561D365}.AppStore|iPhoneSimulator.ActiveCfg = Release|Any CPU
		{743FFAD6-0BD5-468C-90C8-413CA561D365}.AppStore|iPhoneSimulator.Build.0 = Release|Any CPU
		{743FFAD6-0BD5-468C-90C8-413CA561D365}.AppStore|iPhoneSimulator.Deploy.0 = Release|Any CPU
		{743FFAD6-0BD5-468C-90C8-413CA561D365}.AppStore|x64.ActiveCfg = Release|Any CPU
		{743FFAD6-0BD5-468C-90C8-413CA561D365}.AppStore|x64.Build.0 = Release|Any CPU
		{743FFAD6-0BD5-468C-90C8-413CA561D365}.AppStore|x64.Deploy.0 = Release|Any CPU
		{743FFAD6-0BD5-468C-90C8-413CA561D365}.AppStore|x86.ActiveCfg = Release|Any CPU
		{743FFAD6-0BD5-468C-90C8-413CA561D365}.AppStore|x86.Build.0 = Release|Any CPU
		{743FFAD6-0BD5-468C-90C8-413CA561D365}.AppStore|x86.Deploy.0 = Release|Any CPU
		{743FFAD6-0BD5-468C-90C8-413CA561D365}.Debug|Any CPU.ActiveCfg = Debug|Any CPU
		{743FFAD6-0BD5-468C-90C8-413CA561D365}.Debug|Any CPU.Build.0 = Debug|Any CPU
		{743FFAD6-0BD5-468C-90C8-413CA561D365}.Debug|Any CPU.Deploy.0 = Debug|Any CPU
		{743FFAD6-0BD5-468C-90C8-413CA561D365}.Debug|ARM.ActiveCfg = Debug|Any CPU
		{743FFAD6-0BD5-468C-90C8-413CA561D365}.Debug|ARM.Build.0 = Debug|Any CPU
		{743FFAD6-0BD5-468C-90C8-413CA561D365}.Debug|ARM.Deploy.0 = Debug|Any CPU
		{743FFAD6-0BD5-468C-90C8-413CA561D365}.Debug|iPhone.ActiveCfg = Debug|Any CPU
		{743FFAD6-0BD5-468C-90C8-413CA561D365}.Debug|iPhone.Build.0 = Debug|Any CPU
		{743FFAD6-0BD5-468C-90C8-413CA561D365}.Debug|iPhone.Deploy.0 = Debug|Any CPU
		{743FFAD6-0BD5-468C-90C8-413CA561D365}.Debug|iPhoneSimulator.ActiveCfg = Debug|Any CPU
		{743FFAD6-0BD5-468C-90C8-413CA561D365}.Debug|iPhoneSimulator.Build.0 = Debug|Any CPU
		{743FFAD6-0BD5-468C-90C8-413CA561D365}.Debug|iPhoneSimulator.Deploy.0 = Debug|Any CPU
		{743FFAD6-0BD5-468C-90C8-413CA561D365}.Debug|x64.ActiveCfg = Debug|Any CPU
		{743FFAD6-0BD5-468C-90C8-413CA561D365}.Debug|x64.Build.0 = Debug|Any CPU
		{743FFAD6-0BD5-468C-90C8-413CA561D365}.Debug|x64.Deploy.0 = Debug|Any CPU
		{743FFAD6-0BD5-468C-90C8-413CA561D365}.Debug|x86.ActiveCfg = Debug|Any CPU
		{743FFAD6-0BD5-468C-90C8-413CA561D365}.Debug|x86.Build.0 = Debug|Any CPU
		{743FFAD6-0BD5-468C-90C8-413CA561D365}.Debug|x86.Deploy.0 = Debug|Any CPU
		{743FFAD6-0BD5-468C-90C8-413CA561D365}.Release|Any CPU.ActiveCfg = Release|Any CPU
		{743FFAD6-0BD5-468C-90C8-413CA561D365}.Release|Any CPU.Build.0 = Release|Any CPU
		{743FFAD6-0BD5-468C-90C8-413CA561D365}.Release|Any CPU.Deploy.0 = Release|Any CPU
		{743FFAD6-0BD5-468C-90C8-413CA561D365}.Release|ARM.ActiveCfg = Release|Any CPU
		{743FFAD6-0BD5-468C-90C8-413CA561D365}.Release|ARM.Build.0 = Release|Any CPU
		{743FFAD6-0BD5-468C-90C8-413CA561D365}.Release|ARM.Deploy.0 = Release|Any CPU
		{743FFAD6-0BD5-468C-90C8-413CA561D365}.Release|iPhone.ActiveCfg = Release|Any CPU
		{743FFAD6-0BD5-468C-90C8-413CA561D365}.Release|iPhone.Build.0 = Release|Any CPU
		{743FFAD6-0BD5-468C-90C8-413CA561D365}.Release|iPhone.Deploy.0 = Release|Any CPU
		{743FFAD6-0BD5-468C-90C8-413CA561D365}.Release|iPhoneSimulator.ActiveCfg = Release|Any CPU
		{743FFAD6-0BD5-468C-90C8-413CA561D365}.Release|iPhoneSimulator.Build.0 = Release|Any CPU
		{743FFAD6-0BD5-468C-90C8-413CA561D365}.Release|iPhoneSimulator.Deploy.0 = Release|Any CPU
		{743FFAD6-0BD5-468C-90C8-413CA561D365}.Release|x64.ActiveCfg = Release|Any CPU
		{743FFAD6-0BD5-468C-90C8-413CA561D365}.Release|x64.Build.0 = Release|Any CPU
		{743FFAD6-0BD5-468C-90C8-413CA561D365}.Release|x64.Deploy.0 = Release|Any CPU
		{743FFAD6-0BD5-468C-90C8-413CA561D365}.Release|x86.ActiveCfg = Release|Any CPU
		{743FFAD6-0BD5-468C-90C8-413CA561D365}.Release|x86.Build.0 = Release|Any CPU
		{743FFAD6-0BD5-468C-90C8-413CA561D365}.Release|x86.Deploy.0 = Release|Any CPU
		{270EE4FB-F0C5-4990-88B1-3AA51BBCBE5B}.Ad-Hoc|Any CPU.ActiveCfg = Ad-Hoc|iPhone
		{270EE4FB-F0C5-4990-88B1-3AA51BBCBE5B}.Ad-Hoc|ARM.ActiveCfg = Ad-Hoc|iPhone
		{270EE4FB-F0C5-4990-88B1-3AA51BBCBE5B}.Ad-Hoc|iPhone.ActiveCfg = Ad-Hoc|iPhone
		{270EE4FB-F0C5-4990-88B1-3AA51BBCBE5B}.Ad-Hoc|iPhone.Build.0 = Ad-Hoc|iPhone
		{270EE4FB-F0C5-4990-88B1-3AA51BBCBE5B}.Ad-Hoc|iPhoneSimulator.ActiveCfg = Ad-Hoc|iPhoneSimulator
		{270EE4FB-F0C5-4990-88B1-3AA51BBCBE5B}.Ad-Hoc|iPhoneSimulator.Build.0 = Ad-Hoc|iPhoneSimulator
		{270EE4FB-F0C5-4990-88B1-3AA51BBCBE5B}.Ad-Hoc|x64.ActiveCfg = Ad-Hoc|iPhone
		{270EE4FB-F0C5-4990-88B1-3AA51BBCBE5B}.Ad-Hoc|x86.ActiveCfg = Ad-Hoc|iPhone
		{270EE4FB-F0C5-4990-88B1-3AA51BBCBE5B}.AppStore|Any CPU.ActiveCfg = AppStore|iPhone
		{270EE4FB-F0C5-4990-88B1-3AA51BBCBE5B}.AppStore|ARM.ActiveCfg = AppStore|iPhone
		{270EE4FB-F0C5-4990-88B1-3AA51BBCBE5B}.AppStore|iPhone.ActiveCfg = AppStore|iPhone
		{270EE4FB-F0C5-4990-88B1-3AA51BBCBE5B}.AppStore|iPhone.Build.0 = AppStore|iPhone
		{270EE4FB-F0C5-4990-88B1-3AA51BBCBE5B}.AppStore|iPhoneSimulator.ActiveCfg = AppStore|iPhoneSimulator
		{270EE4FB-F0C5-4990-88B1-3AA51BBCBE5B}.AppStore|iPhoneSimulator.Build.0 = AppStore|iPhoneSimulator
		{270EE4FB-F0C5-4990-88B1-3AA51BBCBE5B}.AppStore|x64.ActiveCfg = AppStore|iPhone
		{270EE4FB-F0C5-4990-88B1-3AA51BBCBE5B}.AppStore|x86.ActiveCfg = AppStore|iPhone
		{270EE4FB-F0C5-4990-88B1-3AA51BBCBE5B}.Debug|Any CPU.ActiveCfg = Debug|iPhone
		{270EE4FB-F0C5-4990-88B1-3AA51BBCBE5B}.Debug|ARM.ActiveCfg = Debug|iPhone
		{270EE4FB-F0C5-4990-88B1-3AA51BBCBE5B}.Debug|iPhone.ActiveCfg = Debug|iPhone
		{270EE4FB-F0C5-4990-88B1-3AA51BBCBE5B}.Debug|iPhone.Build.0 = Debug|iPhone
		{270EE4FB-F0C5-4990-88B1-3AA51BBCBE5B}.Debug|iPhoneSimulator.ActiveCfg = Debug|iPhoneSimulator
		{270EE4FB-F0C5-4990-88B1-3AA51BBCBE5B}.Debug|iPhoneSimulator.Build.0 = Debug|iPhoneSimulator
		{270EE4FB-F0C5-4990-88B1-3AA51BBCBE5B}.Debug|x64.ActiveCfg = Debug|iPhone
		{270EE4FB-F0C5-4990-88B1-3AA51BBCBE5B}.Debug|x86.ActiveCfg = Debug|iPhone
		{270EE4FB-F0C5-4990-88B1-3AA51BBCBE5B}.Release|Any CPU.ActiveCfg = Release|iPhone
		{270EE4FB-F0C5-4990-88B1-3AA51BBCBE5B}.Release|ARM.ActiveCfg = Release|iPhone
		{270EE4FB-F0C5-4990-88B1-3AA51BBCBE5B}.Release|iPhone.ActiveCfg = Release|iPhone
		{270EE4FB-F0C5-4990-88B1-3AA51BBCBE5B}.Release|iPhone.Build.0 = Release|iPhone
		{270EE4FB-F0C5-4990-88B1-3AA51BBCBE5B}.Release|iPhoneSimulator.ActiveCfg = Release|iPhoneSimulator
		{270EE4FB-F0C5-4990-88B1-3AA51BBCBE5B}.Release|iPhoneSimulator.Build.0 = Release|iPhoneSimulator
		{270EE4FB-F0C5-4990-88B1-3AA51BBCBE5B}.Release|x64.ActiveCfg = Release|iPhone
		{270EE4FB-F0C5-4990-88B1-3AA51BBCBE5B}.Release|x86.ActiveCfg = Release|iPhone
		{67F9D3A8-F71E-4428-913F-C37AE82CDB24}.Ad-Hoc|Any CPU.ActiveCfg = Release|Any CPU
		{67F9D3A8-F71E-4428-913F-C37AE82CDB24}.Ad-Hoc|Any CPU.Build.0 = Release|Any CPU
		{67F9D3A8-F71E-4428-913F-C37AE82CDB24}.Ad-Hoc|ARM.ActiveCfg = Release|Any CPU
		{67F9D3A8-F71E-4428-913F-C37AE82CDB24}.Ad-Hoc|ARM.Build.0 = Release|Any CPU
		{67F9D3A8-F71E-4428-913F-C37AE82CDB24}.Ad-Hoc|iPhone.ActiveCfg = Release|Any CPU
		{67F9D3A8-F71E-4428-913F-C37AE82CDB24}.Ad-Hoc|iPhone.Build.0 = Release|Any CPU
		{67F9D3A8-F71E-4428-913F-C37AE82CDB24}.Ad-Hoc|iPhoneSimulator.ActiveCfg = Release|Any CPU
		{67F9D3A8-F71E-4428-913F-C37AE82CDB24}.Ad-Hoc|iPhoneSimulator.Build.0 = Release|Any CPU
		{67F9D3A8-F71E-4428-913F-C37AE82CDB24}.Ad-Hoc|x64.ActiveCfg = Release|Any CPU
		{67F9D3A8-F71E-4428-913F-C37AE82CDB24}.Ad-Hoc|x64.Build.0 = Release|Any CPU
		{67F9D3A8-F71E-4428-913F-C37AE82CDB24}.Ad-Hoc|x86.ActiveCfg = Release|Any CPU
		{67F9D3A8-F71E-4428-913F-C37AE82CDB24}.Ad-Hoc|x86.Build.0 = Release|Any CPU
		{67F9D3A8-F71E-4428-913F-C37AE82CDB24}.AppStore|Any CPU.ActiveCfg = Release|Any CPU
		{67F9D3A8-F71E-4428-913F-C37AE82CDB24}.AppStore|Any CPU.Build.0 = Release|Any CPU
		{67F9D3A8-F71E-4428-913F-C37AE82CDB24}.AppStore|ARM.ActiveCfg = Release|Any CPU
		{67F9D3A8-F71E-4428-913F-C37AE82CDB24}.AppStore|ARM.Build.0 = Release|Any CPU
		{67F9D3A8-F71E-4428-913F-C37AE82CDB24}.AppStore|iPhone.ActiveCfg = Release|Any CPU
		{67F9D3A8-F71E-4428-913F-C37AE82CDB24}.AppStore|iPhone.Build.0 = Release|Any CPU
		{67F9D3A8-F71E-4428-913F-C37AE82CDB24}.AppStore|iPhoneSimulator.ActiveCfg = Release|Any CPU
		{67F9D3A8-F71E-4428-913F-C37AE82CDB24}.AppStore|iPhoneSimulator.Build.0 = Release|Any CPU
		{67F9D3A8-F71E-4428-913F-C37AE82CDB24}.AppStore|x64.ActiveCfg = Release|Any CPU
		{67F9D3A8-F71E-4428-913F-C37AE82CDB24}.AppStore|x64.Build.0 = Release|Any CPU
		{67F9D3A8-F71E-4428-913F-C37AE82CDB24}.AppStore|x86.ActiveCfg = Release|Any CPU
		{67F9D3A8-F71E-4428-913F-C37AE82CDB24}.AppStore|x86.Build.0 = Release|Any CPU
		{67F9D3A8-F71E-4428-913F-C37AE82CDB24}.Debug|Any CPU.ActiveCfg = Debug|Any CPU
		{67F9D3A8-F71E-4428-913F-C37AE82CDB24}.Debug|Any CPU.Build.0 = Debug|Any CPU
		{67F9D3A8-F71E-4428-913F-C37AE82CDB24}.Debug|ARM.ActiveCfg = Debug|Any CPU
		{67F9D3A8-F71E-4428-913F-C37AE82CDB24}.Debug|ARM.Build.0 = Debug|Any CPU
		{67F9D3A8-F71E-4428-913F-C37AE82CDB24}.Debug|iPhone.ActiveCfg = Debug|Any CPU
		{67F9D3A8-F71E-4428-913F-C37AE82CDB24}.Debug|iPhone.Build.0 = Debug|Any CPU
		{67F9D3A8-F71E-4428-913F-C37AE82CDB24}.Debug|iPhoneSimulator.ActiveCfg = Debug|Any CPU
		{67F9D3A8-F71E-4428-913F-C37AE82CDB24}.Debug|iPhoneSimulator.Build.0 = Debug|Any CPU
		{67F9D3A8-F71E-4428-913F-C37AE82CDB24}.Debug|x64.ActiveCfg = Debug|Any CPU
		{67F9D3A8-F71E-4428-913F-C37AE82CDB24}.Debug|x64.Build.0 = Debug|Any CPU
		{67F9D3A8-F71E-4428-913F-C37AE82CDB24}.Debug|x86.ActiveCfg = Debug|Any CPU
		{67F9D3A8-F71E-4428-913F-C37AE82CDB24}.Debug|x86.Build.0 = Debug|Any CPU
		{67F9D3A8-F71E-4428-913F-C37AE82CDB24}.Release|Any CPU.ActiveCfg = Release|Any CPU
		{67F9D3A8-F71E-4428-913F-C37AE82CDB24}.Release|Any CPU.Build.0 = Release|Any CPU
		{67F9D3A8-F71E-4428-913F-C37AE82CDB24}.Release|ARM.ActiveCfg = Release|Any CPU
		{67F9D3A8-F71E-4428-913F-C37AE82CDB24}.Release|ARM.Build.0 = Release|Any CPU
		{67F9D3A8-F71E-4428-913F-C37AE82CDB24}.Release|iPhone.ActiveCfg = Release|Any CPU
		{67F9D3A8-F71E-4428-913F-C37AE82CDB24}.Release|iPhone.Build.0 = Release|Any CPU
		{67F9D3A8-F71E-4428-913F-C37AE82CDB24}.Release|iPhoneSimulator.ActiveCfg = Release|Any CPU
		{67F9D3A8-F71E-4428-913F-C37AE82CDB24}.Release|iPhoneSimulator.Build.0 = Release|Any CPU
		{67F9D3A8-F71E-4428-913F-C37AE82CDB24}.Release|x64.ActiveCfg = Release|Any CPU
		{67F9D3A8-F71E-4428-913F-C37AE82CDB24}.Release|x64.Build.0 = Release|Any CPU
		{67F9D3A8-F71E-4428-913F-C37AE82CDB24}.Release|x86.ActiveCfg = Release|Any CPU
		{67F9D3A8-F71E-4428-913F-C37AE82CDB24}.Release|x86.Build.0 = Release|Any CPU
		{A0BC7FFF-F749-4211-9C78-8E222E1C5A54}.Ad-Hoc|Any CPU.ActiveCfg = Release|Any CPU
		{A0BC7FFF-F749-4211-9C78-8E222E1C5A54}.Ad-Hoc|Any CPU.Build.0 = Release|Any CPU
		{A0BC7FFF-F749-4211-9C78-8E222E1C5A54}.Ad-Hoc|ARM.ActiveCfg = Release|Any CPU
		{A0BC7FFF-F749-4211-9C78-8E222E1C5A54}.Ad-Hoc|ARM.Build.0 = Release|Any CPU
		{A0BC7FFF-F749-4211-9C78-8E222E1C5A54}.Ad-Hoc|iPhone.ActiveCfg = Release|Any CPU
		{A0BC7FFF-F749-4211-9C78-8E222E1C5A54}.Ad-Hoc|iPhone.Build.0 = Release|Any CPU
		{A0BC7FFF-F749-4211-9C78-8E222E1C5A54}.Ad-Hoc|iPhoneSimulator.ActiveCfg = Release|Any CPU
		{A0BC7FFF-F749-4211-9C78-8E222E1C5A54}.Ad-Hoc|iPhoneSimulator.Build.0 = Release|Any CPU
		{A0BC7FFF-F749-4211-9C78-8E222E1C5A54}.Ad-Hoc|x64.ActiveCfg = Release|Any CPU
		{A0BC7FFF-F749-4211-9C78-8E222E1C5A54}.Ad-Hoc|x64.Build.0 = Release|Any CPU
		{A0BC7FFF-F749-4211-9C78-8E222E1C5A54}.Ad-Hoc|x86.ActiveCfg = Release|Any CPU
		{A0BC7FFF-F749-4211-9C78-8E222E1C5A54}.Ad-Hoc|x86.Build.0 = Release|Any CPU
		{A0BC7FFF-F749-4211-9C78-8E222E1C5A54}.AppStore|Any CPU.ActiveCfg = Release|Any CPU
		{A0BC7FFF-F749-4211-9C78-8E222E1C5A54}.AppStore|Any CPU.Build.0 = Release|Any CPU
		{A0BC7FFF-F749-4211-9C78-8E222E1C5A54}.AppStore|ARM.ActiveCfg = Release|Any CPU
		{A0BC7FFF-F749-4211-9C78-8E222E1C5A54}.AppStore|ARM.Build.0 = Release|Any CPU
		{A0BC7FFF-F749-4211-9C78-8E222E1C5A54}.AppStore|iPhone.ActiveCfg = Release|Any CPU
		{A0BC7FFF-F749-4211-9C78-8E222E1C5A54}.AppStore|iPhone.Build.0 = Release|Any CPU
		{A0BC7FFF-F749-4211-9C78-8E222E1C5A54}.AppStore|iPhoneSimulator.ActiveCfg = Release|Any CPU
		{A0BC7FFF-F749-4211-9C78-8E222E1C5A54}.AppStore|iPhoneSimulator.Build.0 = Release|Any CPU
		{A0BC7FFF-F749-4211-9C78-8E222E1C5A54}.AppStore|x64.ActiveCfg = Release|Any CPU
		{A0BC7FFF-F749-4211-9C78-8E222E1C5A54}.AppStore|x64.Build.0 = Release|Any CPU
		{A0BC7FFF-F749-4211-9C78-8E222E1C5A54}.AppStore|x86.ActiveCfg = Release|Any CPU
		{A0BC7FFF-F749-4211-9C78-8E222E1C5A54}.AppStore|x86.Build.0 = Release|Any CPU
		{A0BC7FFF-F749-4211-9C78-8E222E1C5A54}.Debug|Any CPU.ActiveCfg = Debug|Any CPU
		{A0BC7FFF-F749-4211-9C78-8E222E1C5A54}.Debug|ARM.ActiveCfg = Debug|Any CPU
		{A0BC7FFF-F749-4211-9C78-8E222E1C5A54}.Debug|ARM.Build.0 = Debug|Any CPU
		{A0BC7FFF-F749-4211-9C78-8E222E1C5A54}.Debug|iPhone.ActiveCfg = Debug|Any CPU
		{A0BC7FFF-F749-4211-9C78-8E222E1C5A54}.Debug|iPhone.Build.0 = Debug|Any CPU
		{A0BC7FFF-F749-4211-9C78-8E222E1C5A54}.Debug|iPhoneSimulator.ActiveCfg = Debug|Any CPU
		{A0BC7FFF-F749-4211-9C78-8E222E1C5A54}.Debug|iPhoneSimulator.Build.0 = Debug|Any CPU
		{A0BC7FFF-F749-4211-9C78-8E222E1C5A54}.Debug|x64.ActiveCfg = Debug|Any CPU
		{A0BC7FFF-F749-4211-9C78-8E222E1C5A54}.Debug|x64.Build.0 = Debug|Any CPU
		{A0BC7FFF-F749-4211-9C78-8E222E1C5A54}.Debug|x86.ActiveCfg = Debug|Any CPU
		{A0BC7FFF-F749-4211-9C78-8E222E1C5A54}.Debug|x86.Build.0 = Debug|Any CPU
		{A0BC7FFF-F749-4211-9C78-8E222E1C5A54}.Release|Any CPU.ActiveCfg = Release|Any CPU
		{A0BC7FFF-F749-4211-9C78-8E222E1C5A54}.Release|Any CPU.Build.0 = Release|Any CPU
		{A0BC7FFF-F749-4211-9C78-8E222E1C5A54}.Release|ARM.ActiveCfg = Release|Any CPU
		{A0BC7FFF-F749-4211-9C78-8E222E1C5A54}.Release|ARM.Build.0 = Release|Any CPU
		{A0BC7FFF-F749-4211-9C78-8E222E1C5A54}.Release|iPhone.ActiveCfg = Release|Any CPU
		{A0BC7FFF-F749-4211-9C78-8E222E1C5A54}.Release|iPhone.Build.0 = Release|Any CPU
		{A0BC7FFF-F749-4211-9C78-8E222E1C5A54}.Release|iPhoneSimulator.ActiveCfg = Release|Any CPU
		{A0BC7FFF-F749-4211-9C78-8E222E1C5A54}.Release|iPhoneSimulator.Build.0 = Release|Any CPU
		{A0BC7FFF-F749-4211-9C78-8E222E1C5A54}.Release|x64.ActiveCfg = Release|Any CPU
		{A0BC7FFF-F749-4211-9C78-8E222E1C5A54}.Release|x64.Build.0 = Release|Any CPU
		{A0BC7FFF-F749-4211-9C78-8E222E1C5A54}.Release|x86.ActiveCfg = Release|Any CPU
		{A0BC7FFF-F749-4211-9C78-8E222E1C5A54}.Release|x86.Build.0 = Release|Any CPU
		{6F1EB7D3-C497-4F7A-84FE-9151023403A9}.Ad-Hoc|Any CPU.ActiveCfg = Release|Any CPU
		{6F1EB7D3-C497-4F7A-84FE-9151023403A9}.Ad-Hoc|Any CPU.Build.0 = Release|Any CPU
		{6F1EB7D3-C497-4F7A-84FE-9151023403A9}.Ad-Hoc|ARM.ActiveCfg = Release|Any CPU
		{6F1EB7D3-C497-4F7A-84FE-9151023403A9}.Ad-Hoc|ARM.Build.0 = Release|Any CPU
		{6F1EB7D3-C497-4F7A-84FE-9151023403A9}.Ad-Hoc|iPhone.ActiveCfg = Release|Any CPU
		{6F1EB7D3-C497-4F7A-84FE-9151023403A9}.Ad-Hoc|iPhone.Build.0 = Release|Any CPU
		{6F1EB7D3-C497-4F7A-84FE-9151023403A9}.Ad-Hoc|iPhoneSimulator.ActiveCfg = Release|Any CPU
		{6F1EB7D3-C497-4F7A-84FE-9151023403A9}.Ad-Hoc|iPhoneSimulator.Build.0 = Release|Any CPU
		{6F1EB7D3-C497-4F7A-84FE-9151023403A9}.Ad-Hoc|x64.ActiveCfg = Release|Any CPU
		{6F1EB7D3-C497-4F7A-84FE-9151023403A9}.Ad-Hoc|x64.Build.0 = Release|Any CPU
		{6F1EB7D3-C497-4F7A-84FE-9151023403A9}.Ad-Hoc|x86.ActiveCfg = Release|Any CPU
		{6F1EB7D3-C497-4F7A-84FE-9151023403A9}.Ad-Hoc|x86.Build.0 = Release|Any CPU
		{6F1EB7D3-C497-4F7A-84FE-9151023403A9}.AppStore|Any CPU.ActiveCfg = Release|Any CPU
		{6F1EB7D3-C497-4F7A-84FE-9151023403A9}.AppStore|Any CPU.Build.0 = Release|Any CPU
		{6F1EB7D3-C497-4F7A-84FE-9151023403A9}.AppStore|ARM.ActiveCfg = Release|Any CPU
		{6F1EB7D3-C497-4F7A-84FE-9151023403A9}.AppStore|ARM.Build.0 = Release|Any CPU
		{6F1EB7D3-C497-4F7A-84FE-9151023403A9}.AppStore|iPhone.ActiveCfg = Release|Any CPU
		{6F1EB7D3-C497-4F7A-84FE-9151023403A9}.AppStore|iPhone.Build.0 = Release|Any CPU
		{6F1EB7D3-C497-4F7A-84FE-9151023403A9}.AppStore|iPhoneSimulator.ActiveCfg = Release|Any CPU
		{6F1EB7D3-C497-4F7A-84FE-9151023403A9}.AppStore|iPhoneSimulator.Build.0 = Release|Any CPU
		{6F1EB7D3-C497-4F7A-84FE-9151023403A9}.AppStore|x64.ActiveCfg = Release|Any CPU
		{6F1EB7D3-C497-4F7A-84FE-9151023403A9}.AppStore|x64.Build.0 = Release|Any CPU
		{6F1EB7D3-C497-4F7A-84FE-9151023403A9}.AppStore|x86.ActiveCfg = Release|Any CPU
		{6F1EB7D3-C497-4F7A-84FE-9151023403A9}.AppStore|x86.Build.0 = Release|Any CPU
		{6F1EB7D3-C497-4F7A-84FE-9151023403A9}.Debug|Any CPU.ActiveCfg = Debug|Any CPU
		{6F1EB7D3-C497-4F7A-84FE-9151023403A9}.Debug|Any CPU.Build.0 = Debug|Any CPU
		{6F1EB7D3-C497-4F7A-84FE-9151023403A9}.Debug|ARM.ActiveCfg = Debug|Any CPU
		{6F1EB7D3-C497-4F7A-84FE-9151023403A9}.Debug|ARM.Build.0 = Debug|Any CPU
		{6F1EB7D3-C497-4F7A-84FE-9151023403A9}.Debug|iPhone.ActiveCfg = Debug|Any CPU
		{6F1EB7D3-C497-4F7A-84FE-9151023403A9}.Debug|iPhone.Build.0 = Debug|Any CPU
		{6F1EB7D3-C497-4F7A-84FE-9151023403A9}.Debug|iPhoneSimulator.ActiveCfg = Debug|Any CPU
		{6F1EB7D3-C497-4F7A-84FE-9151023403A9}.Debug|iPhoneSimulator.Build.0 = Debug|Any CPU
		{6F1EB7D3-C497-4F7A-84FE-9151023403A9}.Debug|x64.ActiveCfg = Debug|Any CPU
		{6F1EB7D3-C497-4F7A-84FE-9151023403A9}.Debug|x64.Build.0 = Debug|Any CPU
		{6F1EB7D3-C497-4F7A-84FE-9151023403A9}.Debug|x86.ActiveCfg = Debug|Any CPU
		{6F1EB7D3-C497-4F7A-84FE-9151023403A9}.Debug|x86.Build.0 = Debug|Any CPU
		{6F1EB7D3-C497-4F7A-84FE-9151023403A9}.Release|Any CPU.ActiveCfg = Release|Any CPU
		{6F1EB7D3-C497-4F7A-84FE-9151023403A9}.Release|Any CPU.Build.0 = Release|Any CPU
		{6F1EB7D3-C497-4F7A-84FE-9151023403A9}.Release|ARM.ActiveCfg = Release|Any CPU
		{6F1EB7D3-C497-4F7A-84FE-9151023403A9}.Release|ARM.Build.0 = Release|Any CPU
		{6F1EB7D3-C497-4F7A-84FE-9151023403A9}.Release|iPhone.ActiveCfg = Release|Any CPU
		{6F1EB7D3-C497-4F7A-84FE-9151023403A9}.Release|iPhone.Build.0 = Release|Any CPU
		{6F1EB7D3-C497-4F7A-84FE-9151023403A9}.Release|iPhoneSimulator.ActiveCfg = Release|Any CPU
		{6F1EB7D3-C497-4F7A-84FE-9151023403A9}.Release|iPhoneSimulator.Build.0 = Release|Any CPU
		{6F1EB7D3-C497-4F7A-84FE-9151023403A9}.Release|x64.ActiveCfg = Release|Any CPU
		{6F1EB7D3-C497-4F7A-84FE-9151023403A9}.Release|x64.Build.0 = Release|Any CPU
		{6F1EB7D3-C497-4F7A-84FE-9151023403A9}.Release|x86.ActiveCfg = Release|Any CPU
		{6F1EB7D3-C497-4F7A-84FE-9151023403A9}.Release|x86.Build.0 = Release|Any CPU
	EndGlobalSection
	GlobalSection(SolutionProperties) = preSolution
		HideSolutionNode = FALSE
	EndGlobalSection
	GlobalSection(NestedProjects) = preSolution
		{67F9D3A8-F71E-4428-913F-C37AE82CDB24} = {C4137954-3065-494F-B2AE-4FD2D96D7F7A}
		{A0BC7FFF-F749-4211-9C78-8E222E1C5A54} = {C4137954-3065-494F-B2AE-4FD2D96D7F7A}
		{6F1EB7D3-C497-4F7A-84FE-9151023403A9} = {C4137954-3065-494F-B2AE-4FD2D96D7F7A}
	EndGlobalSection
	GlobalSection(TeamFoundationVersionControl) = preSolution
		SccNumberOfProjects = 8
		SccEnterpriseProvider = {4CA58AB2-18FA-4F8D-95D4-32DDF27D184C}
		SccTeamFoundationServer = https://arabwaha.visualstudio.com/
		SccLocalPath0 = .
		SccProjectUniqueName1 = ..\\ArabWaha.Core\\ArabWaha.Core.csproj
		SccProjectName1 = ../ArabWaha.Core
		SccLocalPath1 = ..\\ArabWaha.Core
		SccProjectUniqueName2 = ArabWaha.Employer\\ArabWaha.Employer.Android\\ArabWaha.Employer.Android.csproj
		SccProjectName2 = ArabWaha.Employer/ArabWaha.Employer.Android
		SccLocalPath2 = ArabWaha.Employer\\ArabWaha.Employer.Android
		SccProjectUniqueName3 = ArabWaha.Employer\\ArabWaha.Employer.iOS\\ArabWaha.Employer.iOS.csproj
		SccProjectName3 = ArabWaha.Employer/ArabWaha.Employer.iOS
		SccLocalPath3 = ArabWaha.Employer\\ArabWaha.Employer.iOS
		SccProjectUniqueName4 = ArabWaha.Employer\\ArabWaha.Employer\\ArabWaha.Employer.csproj
		SccProjectName4 = ArabWaha.Employer/ArabWaha.Employer
		SccLocalPath4 = ArabWaha.Employer\\ArabWaha.Employer
		SccProjectUniqueName5 = ..\\ArabWaha.Common\\ArabWaha.Common.Forms\\ArabWaha.Common.Forms.csproj
		SccProjectTopLevelParentUniqueName5 = ArabWaha.Employer.sln
		SccProjectName5 = ../ArabWaha.Common/ArabWaha.Common.Forms
		SccLocalPath5 = ..\\ArabWaha.Common\\ArabWaha.Common.Forms
		SccProjectUniqueName6 = ..\\ArabWaha.Common\\ArabWaha.Common.iOS\\ArabWaha.Common.iOS.csproj
		SccProjectTopLevelParentUniqueName6 = ArabWaha.Employer.sln
		SccProjectName6 = ../ArabWaha.Common/ArabWaha.Common.iOS
		SccLocalPath6 = ..\\ArabWaha.Common\\ArabWaha.Common.iOS
		SccProjectUniqueName7 = ..\\ArabWaha.Common\\ArabWaha.Common.Driod\\ArabWaha.Common.Droid.csproj
		SccProjectTopLevelParentUniqueName7 = ArabWaha.Employer.sln
		SccProjectName7 = ../ArabWaha.Common/ArabWaha.Common.Driod
		SccLocalPath7 = ..\\ArabWaha.Common\\ArabWaha.Common.Driod
	EndGlobalSection
EndGlobal
