
Microsoft Visual Studio Solution File, Format Version 12.00
# Visual Studio 14
VisualStudioVersion = 14.0.25420.1
MinimumVisualStudioVersion = 10.0.40219.1
Project("{FAE04EC0-301F-11D3-BF4B-00C04F79EFBC}") = "ArabWaha.Employee.Android", "ArabWaha.Employee\ArabWaha.Employee.Android\ArabWaha.Employee.Android.csproj", "{C992B5EF-0B2A-4C13-85C0-690A13A6F18F}"
EndProject
Project("{FAE04EC0-301F-11D3-BF4B-00C04F79EFBC}") = "ArabWaha.Employee", "ArabWaha.Employee\ArabWaha.Employee\ArabWaha.Employee.csproj", "{9B793564-BB43-444A-AB2E-CF00A454D71E}"
EndProject
Project("{FAE04EC0-301F-11D3-BF4B-00C04F79EFBC}") = "ArabWaha.Employee.iOS", "ArabWaha.Employee\ArabWaha.Employee.iOS\ArabWaha.Employee.iOS.csproj", "{E8952143-B442-4BCA-9B2A-58D7F1571592}"
EndProject
Project("{FAE04EC0-301F-11D3-BF4B-00C04F79EFBC}") = "ArabWaha.Core", "..\ArabWaha.Core\ArabWaha.Core.csproj", "{28061A56-5318-4174-96BA-78CD21984005}"
EndProject
Project("{2150E333-8FDC-42A3-9474-1A3956D46DE8}") = "Common", "Common", "{01D128A4-F658-429C-A255-9372D0FE65E8}"
EndProject
Project("{FAE04EC0-301F-11D3-BF4B-00C04F79EFBC}") = "ArabWaha.Common.Forms", "..\ArabWaha.Common\ArabWaha.Common.Forms\ArabWaha.Common.Forms.csproj", "{67F9D3A8-F71E-4428-913F-C37AE82CDB24}"
EndProject
Project("{FAE04EC0-301F-11D3-BF4B-00C04F79EFBC}") = "ArabWaha.Common.Droid", "..\ArabWaha.Common\ArabWaha.Common.Driod\ArabWaha.Common.Droid.csproj", "{6F1EB7D3-C497-4F7A-84FE-9151023403A9}"
EndProject
Project("{FAE04EC0-301F-11D3-BF4B-00C04F79EFBC}") = "ArabWaha.Common.iOS", "..\ArabWaha.Common\ArabWaha.Common.iOS\ArabWaha.Common.iOS.csproj", "{A0BC7FFF-F749-4211-9C78-8E222E1C5A54}"
EndProject
Project("{2150E333-8FDC-42A3-9474-1A3956D46DE8}") = "Libs", "Libs", "{F2B1E16F-2CE7-46EC-BD13-9F001AE6D49F}"
	ProjectSection(SolutionItems) = preProject
		..\ArabWaha.Common\Libs\NStackPortable.dll = ..\ArabWaha.Common\Libs\NStackPortable.dll
		..\ArabWaha.Common\Libs\XLabs.Core.dll = ..\ArabWaha.Common\Libs\XLabs.Core.dll
		..\ArabWaha.Common\Libs\XLabs.Forms.dll = ..\ArabWaha.Common\Libs\XLabs.Forms.dll
		..\ArabWaha.Common\Libs\XLabs.Forms.Droid.dll = ..\ArabWaha.Common\Libs\XLabs.Forms.Droid.dll
		..\ArabWaha.Common\Libs\XLabs.Forms.iOS.dll = ..\ArabWaha.Common\Libs\XLabs.Forms.iOS.dll
		..\ArabWaha.Common\Libs\XLabs.IOC.dll = ..\ArabWaha.Common\Libs\XLabs.IOC.dll
		..\ArabWaha.Common\Libs\XLabs.Platform.dll = ..\ArabWaha.Common\Libs\XLabs.Platform.dll
		..\ArabWaha.Common\Libs\XLabs.Platform.Droid.dll = ..\ArabWaha.Common\Libs\XLabs.Platform.Droid.dll
		..\ArabWaha.Common\Libs\XLabs.Platform.iOS.dll = ..\ArabWaha.Common\Libs\XLabs.Platform.iOS.dll
		..\ArabWaha.Common\Libs\XLabs.Serialization.dll = ..\ArabWaha.Common\Libs\XLabs.Serialization.dll
	EndProjectSection
EndProject
Global
	GlobalSection(SolutionConfigurationPlatforms) = preSolution
		Ad-Hoc|Any CPU = Ad-Hoc|Any CPU
		Ad-Hoc|ARM = Ad-Hoc|ARM
		Ad-Hoc|iPhone = Ad-Hoc|iPhone
		Ad-Hoc|iPhoneSimulator = Ad-Hoc|iPhoneSimulator
		Ad-Hoc|x64 = Ad-Hoc|x64
		Ad-Hoc|x86 = Ad-Hoc|x86
		AppStore|Any CPU = AppStore|Any CPU
		AppStore|ARM = AppStore|ARM
		AppStore|iPhone = AppStore|iPhone
		AppStore|iPhoneSimulator = AppStore|iPhoneSimulator
		AppStore|x64 = AppStore|x64
		AppStore|x86 = AppStore|x86
		Debug|Any CPU = Debug|Any CPU
		Debug|ARM = Debug|ARM
		Debug|iPhone = Debug|iPhone
		Debug|iPhoneSimulator = Debug|iPhoneSimulator
		Debug|x64 = Debug|x64
		Debug|x86 = Debug|x86
		Release|Any CPU = Release|Any CPU
		Release|ARM = Release|ARM
		Release|iPhone = Release|iPhone
		Release|iPhoneSimulator = Release|iPhoneSimulator
		Release|x64 = Release|x64
		Release|x86 = Release|x86
	EndGlobalSection
	GlobalSection(ProjectConfigurationPlatforms) = postSolution
		{C992B5EF-0B2A-4C13-85C0-690A13A6F18F}.Ad-Hoc|Any CPU.ActiveCfg = Release|Any CPU
		{C992B5EF-0B2A-4C13-85C0-690A13A6F18F}.Ad-Hoc|Any CPU.Build.0 = Release|Any CPU
		{C992B5EF-0B2A-4C13-85C0-690A13A6F18F}.Ad-Hoc|Any CPU.Deploy.0 = Release|Any CPU
		{C992B5EF-0B2A-4C13-85C0-690A13A6F18F}.Ad-Hoc|ARM.ActiveCfg = Release|Any CPU
		{C992B5EF-0B2A-4C13-85C0-690A13A6F18F}.Ad-Hoc|ARM.Build.0 = Release|Any CPU
		{C992B5EF-0B2A-4C13-85C0-690A13A6F18F}.Ad-Hoc|ARM.Deploy.0 = Release|Any CPU
		{C992B5EF-0B2A-4C13-85C0-690A13A6F18F}.Ad-Hoc|iPhone.ActiveCfg = Release|Any CPU
		{C992B5EF-0B2A-4C13-85C0-690A13A6F18F}.Ad-Hoc|iPhone.Build.0 = Release|Any CPU
		{C992B5EF-0B2A-4C13-85C0-690A13A6F18F}.Ad-Hoc|iPhone.Deploy.0 = Release|Any CPU
		{C992B5EF-0B2A-4C13-85C0-690A13A6F18F}.Ad-Hoc|iPhoneSimulator.ActiveCfg = Release|Any CPU
		{C992B5EF-0B2A-4C13-85C0-690A13A6F18F}.Ad-Hoc|iPhoneSimulator.Build.0 = Release|Any CPU
		{C992B5EF-0B2A-4C13-85C0-690A13A6F18F}.Ad-Hoc|iPhoneSimulator.Deploy.0 = Release|Any CPU
		{C992B5EF-0B2A-4C13-85C0-690A13A6F18F}.Ad-Hoc|x64.ActiveCfg = Release|Any CPU
		{C992B5EF-0B2A-4C13-85C0-690A13A6F18F}.Ad-Hoc|x64.Build.0 = Release|Any CPU
		{C992B5EF-0B2A-4C13-85C0-690A13A6F18F}.Ad-Hoc|x64.Deploy.0 = Release|Any CPU
		{C992B5EF-0B2A-4C13-85C0-690A13A6F18F}.Ad-Hoc|x86.ActiveCfg = Release|Any CPU
		{C992B5EF-0B2A-4C13-85C0-690A13A6F18F}.Ad-Hoc|x86.Build.0 = Release|Any CPU
		{C992B5EF-0B2A-4C13-85C0-690A13A6F18F}.Ad-Hoc|x86.Deploy.0 = Release|Any CPU
		{C992B5EF-0B2A-4C13-85C0-690A13A6F18F}.AppStore|Any CPU.ActiveCfg = Release|Any CPU
		{C992B5EF-0B2A-4C13-85C0-690A13A6F18F}.AppStore|Any CPU.Build.0 = Release|Any CPU
		{C992B5EF-0B2A-4C13-85C0-690A13A6F18F}.AppStore|Any CPU.Deploy.0 = Release|Any CPU
		{C992B5EF-0B2A-4C13-85C0-690A13A6F18F}.AppStore|ARM.ActiveCfg = Release|Any CPU
		{C992B5EF-0B2A-4C13-85C0-690A13A6F18F}.AppStore|ARM.Build.0 = Release|Any CPU
		{C992B5EF-0B2A-4C13-85C0-690A13A6F18F}.AppStore|ARM.Deploy.0 = Release|Any CPU
		{C992B5EF-0B2A-4C13-85C0-690A13A6F18F}.AppStore|iPhone.ActiveCfg = Release|Any CPU
		{C992B5EF-0B2A-4C13-85C0-690A13A6F18F}.AppStore|iPhone.Build.0 = Release|Any CPU
		{C992B5EF-0B2A-4C13-85C0-690A13A6F18F}.AppStore|iPhone.Deploy.0 = Release|Any CPU
		{C992B5EF-0B2A-4C13-85C0-690A13A6F18F}.AppStore|iPhoneSimulator.ActiveCfg = Release|Any CPU
		{C992B5EF-0B2A-4C13-85C0-690A13A6F18F}.AppStore|iPhoneSimulator.Build.0 = Release|Any CPU
		{C992B5EF-0B2A-4C13-85C0-690A13A6F18F}.AppStore|iPhoneSimulator.Deploy.0 = Release|Any CPU
		{C992B5EF-0B2A-4C13-85C0-690A13A6F18F}.AppStore|x64.ActiveCfg = Release|Any CPU
		{C992B5EF-0B2A-4C13-85C0-690A13A6F18F}.AppStore|x64.Build.0 = Release|Any CPU
		{C992B5EF-0B2A-4C13-85C0-690A13A6F18F}.AppStore|x64.Deploy.0 = Release|Any CPU
		{C992B5EF-0B2A-4C13-85C0-690A13A6F18F}.AppStore|x86.ActiveCfg = Release|Any CPU
		{C992B5EF-0B2A-4C13-85C0-690A13A6F18F}.AppStore|x86.Build.0 = Release|Any CPU
		{C992B5EF-0B2A-4C13-85C0-690A13A6F18F}.AppStore|x86.Deploy.0 = Release|Any CPU
		{C992B5EF-0B2A-4C13-85C0-690A13A6F18F}.Debug|Any CPU.ActiveCfg = Debug|Any CPU
		{C992B5EF-0B2A-4C13-85C0-690A13A6F18F}.Debug|Any CPU.Build.0 = Debug|Any CPU
		{C992B5EF-0B2A-4C13-85C0-690A13A6F18F}.Debug|Any CPU.Deploy.0 = Debug|Any CPU
		{C992B5EF-0B2A-4C13-85C0-690A13A6F18F}.Debug|ARM.ActiveCfg = Debug|Any CPU
		{C992B5EF-0B2A-4C13-85C0-690A13A6F18F}.Debug|ARM.Build.0 = Debug|Any CPU
		{C992B5EF-0B2A-4C13-85C0-690A13A6F18F}.Debug|ARM.Deploy.0 = Debug|Any CPU
		{C992B5EF-0B2A-4C13-85C0-690A13A6F18F}.Debug|iPhone.ActiveCfg = Debug|Any CPU
		{C992B5EF-0B2A-4C13-85C0-690A13A6F18F}.Debug|iPhone.Build.0 = Debug|Any CPU
		{C992B5EF-0B2A-4C13-85C0-690A13A6F18F}.Debug|iPhone.Deploy.0 = Debug|Any CPU
		{C992B5EF-0B2A-4C13-85C0-690A13A6F18F}.Debug|iPhoneSimulator.ActiveCfg = Debug|Any CPU
		{C992B5EF-0B2A-4C13-85C0-690A13A6F18F}.Debug|iPhoneSimulator.Build.0 = Debug|Any CPU
		{C992B5EF-0B2A-4C13-85C0-690A13A6F18F}.Debug|iPhoneSimulator.Deploy.0 = Debug|Any CPU
		{C992B5EF-0B2A-4C13-85C0-690A13A6F18F}.Debug|x64.ActiveCfg = Debug|Any CPU
		{C992B5EF-0B2A-4C13-85C0-690A13A6F18F}.Debug|x64.Build.0 = Debug|Any CPU
		{C992B5EF-0B2A-4C13-85C0-690A13A6F18F}.Debug|x64.Deploy.0 = Debug|Any CPU
		{C992B5EF-0B2A-4C13-85C0-690A13A6F18F}.Debug|x86.ActiveCfg = Debug|Any CPU
		{C992B5EF-0B2A-4C13-85C0-690A13A6F18F}.Debug|x86.Build.0 = Debug|Any CPU
		{C992B5EF-0B2A-4C13-85C0-690A13A6F18F}.Debug|x86.Deploy.0 = Debug|Any CPU
		{C992B5EF-0B2A-4C13-85C0-690A13A6F18F}.Release|Any CPU.ActiveCfg = Release|Any CPU
		{C992B5EF-0B2A-4C13-85C0-690A13A6F18F}.Release|Any CPU.Build.0 = Release|Any CPU
		{C992B5EF-0B2A-4C13-85C0-690A13A6F18F}.Release|Any CPU.Deploy.0 = Release|Any CPU
		{C992B5EF-0B2A-4C13-85C0-690A13A6F18F}.Release|ARM.ActiveCfg = Release|Any CPU
		{C992B5EF-0B2A-4C13-85C0-690A13A6F18F}.Release|ARM.Build.0 = Release|Any CPU
		{C992B5EF-0B2A-4C13-85C0-690A13A6F18F}.Release|ARM.Deploy.0 = Release|Any CPU
		{C992B5EF-0B2A-4C13-85C0-690A13A6F18F}.Release|iPhone.ActiveCfg = Release|Any CPU
		{C992B5EF-0B2A-4C13-85C0-690A13A6F18F}.Release|iPhone.Build.0 = Release|Any CPU
		{C992B5EF-0B2A-4C13-85C0-690A13A6F18F}.Release|iPhone.Deploy.0 = Release|Any CPU
		{C992B5EF-0B2A-4C13-85C0-690A13A6F18F}.Release|iPhoneSimulator.ActiveCfg = Release|Any CPU
		{C992B5EF-0B2A-4C13-85C0-690A13A6F18F}.Release|iPhoneSimulator.Build.0 = Release|Any CPU
		{C992B5EF-0B2A-4C13-85C0-690A13A6F18F}.Release|iPhoneSimulator.Deploy.0 = Release|Any CPU
		{C992B5EF-0B2A-4C13-85C0-690A13A6F18F}.Release|x64.ActiveCfg = Release|Any CPU
		{C992B5EF-0B2A-4C13-85C0-690A13A6F18F}.Release|x64.Build.0 = Release|Any CPU
		{C992B5EF-0B2A-4C13-85C0-690A13A6F18F}.Release|x64.Deploy.0 = Release|Any CPU
		{C992B5EF-0B2A-4C13-85C0-690A13A6F18F}.Release|x86.ActiveCfg = Release|Any CPU
		{C992B5EF-0B2A-4C13-85C0-690A13A6F18F}.Release|x86.Build.0 = Release|Any CPU
		{C992B5EF-0B2A-4C13-85C0-690A13A6F18F}.Release|x86.Deploy.0 = Release|Any CPU
		{9B793564-BB43-444A-AB2E-CF00A454D71E}.Ad-Hoc|Any CPU.ActiveCfg = Release|Any CPU
		{9B793564-BB43-444A-AB2E-CF00A454D71E}.Ad-Hoc|Any CPU.Build.0 = Release|Any CPU
		{9B793564-BB43-444A-AB2E-CF00A454D71E}.Ad-Hoc|ARM.ActiveCfg = Release|Any CPU
		{9B793564-BB43-444A-AB2E-CF00A454D71E}.Ad-Hoc|ARM.Build.0 = Release|Any CPU
		{9B793564-BB43-444A-AB2E-CF00A454D71E}.Ad-Hoc|iPhone.ActiveCfg = Release|Any CPU
		{9B793564-BB43-444A-AB2E-CF00A454D71E}.Ad-Hoc|iPhone.Build.0 = Release|Any CPU
		{9B793564-BB43-444A-AB2E-CF00A454D71E}.Ad-Hoc|iPhoneSimulator.ActiveCfg = Release|Any CPU
		{9B793564-BB43-444A-AB2E-CF00A454D71E}.Ad-Hoc|iPhoneSimulator.Build.0 = Release|Any CPU
		{9B793564-BB43-444A-AB2E-CF00A454D71E}.Ad-Hoc|x64.ActiveCfg = Release|Any CPU
		{9B793564-BB43-444A-AB2E-CF00A454D71E}.Ad-Hoc|x64.Build.0 = Release|Any CPU
		{9B793564-BB43-444A-AB2E-CF00A454D71E}.Ad-Hoc|x86.ActiveCfg = Release|Any CPU
		{9B793564-BB43-444A-AB2E-CF00A454D71E}.Ad-Hoc|x86.Build.0 = Release|Any CPU
		{9B793564-BB43-444A-AB2E-CF00A454D71E}.AppStore|Any CPU.ActiveCfg = Release|Any CPU
		{9B793564-BB43-444A-AB2E-CF00A454D71E}.AppStore|Any CPU.Build.0 = Release|Any CPU
		{9B793564-BB43-444A-AB2E-CF00A454D71E}.AppStore|ARM.ActiveCfg = Release|Any CPU
		{9B793564-BB43-444A-AB2E-CF00A454D71E}.AppStore|ARM.Build.0 = Release|Any CPU
		{9B793564-BB43-444A-AB2E-CF00A454D71E}.AppStore|iPhone.ActiveCfg = Release|Any CPU
		{9B793564-BB43-444A-AB2E-CF00A454D71E}.AppStore|iPhone.Build.0 = Release|Any CPU
		{9B793564-BB43-444A-AB2E-CF00A454D71E}.AppStore|iPhoneSimulator.ActiveCfg = Release|Any CPU
		{9B793564-BB43-444A-AB2E-CF00A454D71E}.AppStore|iPhoneSimulator.Build.0 = Release|Any CPU
		{9B793564-BB43-444A-AB2E-CF00A454D71E}.AppStore|x64.ActiveCfg = Release|Any CPU
		{9B793564-BB43-444A-AB2E-CF00A454D71E}.AppStore|x64.Build.0 = Release|Any CPU
		{9B793564-BB43-444A-AB2E-CF00A454D71E}.AppStore|x86.ActiveCfg = Release|Any CPU
		{9B793564-BB43-444A-AB2E-CF00A454D71E}.AppStore|x86.Build.0 = Release|Any CPU
		{9B793564-BB43-444A-AB2E-CF00A454D71E}.Debug|Any CPU.ActiveCfg = Debug|Any CPU
		{9B793564-BB43-444A-AB2E-CF00A454D71E}.Debug|Any CPU.Build.0 = Debug|Any CPU
		{9B793564-BB43-444A-AB2E-CF00A454D71E}.Debug|ARM.ActiveCfg = Debug|Any CPU
		{9B793564-BB43-444A-AB2E-CF00A454D71E}.Debug|ARM.Build.0 = Debug|Any CPU
		{9B793564-BB43-444A-AB2E-CF00A454D71E}.Debug|iPhone.ActiveCfg = Debug|Any CPU
		{9B793564-BB43-444A-AB2E-CF00A454D71E}.Debug|iPhone.Build.0 = Debug|Any CPU
		{9B793564-BB43-444A-AB2E-CF00A454D71E}.Debug|iPhoneSimulator.ActiveCfg = Debug|Any CPU
		{9B793564-BB43-444A-AB2E-CF00A454D71E}.Debug|iPhoneSimulator.Build.0 = Debug|Any CPU
		{9B793564-BB43-444A-AB2E-CF00A454D71E}.Debug|x64.ActiveCfg = Debug|Any CPU
		{9B793564-BB43-444A-AB2E-CF00A454D71E}.Debug|x64.Build.0 = Debug|Any CPU
		{9B793564-BB43-444A-AB2E-CF00A454D71E}.Debug|x86.ActiveCfg = Debug|Any CPU
		{9B793564-BB43-444A-AB2E-CF00A454D71E}.Debug|x86.Build.0 = Debug|Any CPU
		{9B793564-BB43-444A-AB2E-CF00A454D71E}.Release|Any CPU.ActiveCfg = Release|Any CPU
		{9B793564-BB43-444A-AB2E-CF00A454D71E}.Release|Any CPU.Build.0 = Release|Any CPU
		{9B793564-BB43-444A-AB2E-CF00A454D71E}.Release|ARM.ActiveCfg = Release|Any CPU
		{9B793564-BB43-444A-AB2E-CF00A454D71E}.Release|ARM.Build.0 = Release|Any CPU
		{9B793564-BB43-444A-AB2E-CF00A454D71E}.Release|iPhone.ActiveCfg = Release|Any CPU
		{9B793564-BB43-444A-AB2E-CF00A454D71E}.Release|iPhone.Build.0 = Release|Any CPU
		{9B793564-BB43-444A-AB2E-CF00A454D71E}.Release|iPhoneSimulator.ActiveCfg = Release|Any CPU
		{9B793564-BB43-444A-AB2E-CF00A454D71E}.Release|iPhoneSimulator.Build.0 = Release|Any CPU
		{9B793564-BB43-444A-AB2E-CF00A454D71E}.Release|x64.ActiveCfg = Release|Any CPU
		{9B793564-BB43-444A-AB2E-CF00A454D71E}.Release|x64.Build.0 = Release|Any CPU
		{9B793564-BB43-444A-AB2E-CF00A454D71E}.Release|x86.ActiveCfg = Release|Any CPU
		{9B793564-BB43-444A-AB2E-CF00A454D71E}.Release|x86.Build.0 = Release|Any CPU
		{E8952143-B442-4BCA-9B2A-58D7F1571592}.Ad-Hoc|Any CPU.ActiveCfg = Ad-Hoc|iPhone
		{E8952143-B442-4BCA-9B2A-58D7F1571592}.Ad-Hoc|ARM.ActiveCfg = Ad-Hoc|iPhone
		{E8952143-B442-4BCA-9B2A-58D7F1571592}.Ad-Hoc|iPhone.ActiveCfg = Ad-Hoc|iPhone
		{E8952143-B442-4BCA-9B2A-58D7F1571592}.Ad-Hoc|iPhone.Build.0 = Ad-Hoc|iPhone
		{E8952143-B442-4BCA-9B2A-58D7F1571592}.Ad-Hoc|iPhoneSimulator.ActiveCfg = Ad-Hoc|iPhoneSimulator
		{E8952143-B442-4BCA-9B2A-58D7F1571592}.Ad-Hoc|iPhoneSimulator.Build.0 = Ad-Hoc|iPhoneSimulator
		{E8952143-B442-4BCA-9B2A-58D7F1571592}.Ad-Hoc|x64.ActiveCfg = Ad-Hoc|iPhone
		{E8952143-B442-4BCA-9B2A-58D7F1571592}.Ad-Hoc|x86.ActiveCfg = Ad-Hoc|iPhone
		{E8952143-B442-4BCA-9B2A-58D7F1571592}.AppStore|Any CPU.ActiveCfg = AppStore|iPhone
		{E8952143-B442-4BCA-9B2A-58D7F1571592}.AppStore|ARM.ActiveCfg = AppStore|iPhone
		{E8952143-B442-4BCA-9B2A-58D7F1571592}.AppStore|iPhone.ActiveCfg = AppStore|iPhone
		{E8952143-B442-4BCA-9B2A-58D7F1571592}.AppStore|iPhone.Build.0 = AppStore|iPhone
		{E8952143-B442-4BCA-9B2A-58D7F1571592}.AppStore|iPhoneSimulator.ActiveCfg = AppStore|iPhoneSimulator
		{E8952143-B442-4BCA-9B2A-58D7F1571592}.AppStore|iPhoneSimulator.Build.0 = AppStore|iPhoneSimulator
		{E8952143-B442-4BCA-9B2A-58D7F1571592}.AppStore|x64.ActiveCfg = AppStore|iPhone
		{E8952143-B442-4BCA-9B2A-58D7F1571592}.AppStore|x86.ActiveCfg = AppStore|iPhone
		{E8952143-B442-4BCA-9B2A-58D7F1571592}.Debug|Any CPU.ActiveCfg = Debug|iPhone
		{E8952143-B442-4BCA-9B2A-58D7F1571592}.Debug|ARM.ActiveCfg = Debug|iPhone
		{E8952143-B442-4BCA-9B2A-58D7F1571592}.Debug|iPhone.ActiveCfg = Debug|iPhone
		{E8952143-B442-4BCA-9B2A-58D7F1571592}.Debug|iPhone.Build.0 = Debug|iPhone
		{E8952143-B442-4BCA-9B2A-58D7F1571592}.Debug|iPhoneSimulator.ActiveCfg = Debug|iPhoneSimulator
		{E8952143-B442-4BCA-9B2A-58D7F1571592}.Debug|iPhoneSimulator.Build.0 = Debug|iPhoneSimulator
		{E8952143-B442-4BCA-9B2A-58D7F1571592}.Debug|x64.ActiveCfg = Debug|iPhone
		{E8952143-B442-4BCA-9B2A-58D7F1571592}.Debug|x86.ActiveCfg = Debug|iPhone
		{E8952143-B442-4BCA-9B2A-58D7F1571592}.Release|Any CPU.ActiveCfg = Release|iPhone
		{E8952143-B442-4BCA-9B2A-58D7F1571592}.Release|ARM.ActiveCfg = Release|iPhone
		{E8952143-B442-4BCA-9B2A-58D7F1571592}.Release|iPhone.ActiveCfg = Release|iPhone
		{E8952143-B442-4BCA-9B2A-58D7F1571592}.Release|iPhone.Build.0 = Release|iPhone
		{E8952143-B442-4BCA-9B2A-58D7F1571592}.Release|iPhoneSimulator.ActiveCfg = Release|iPhoneSimulator
		{E8952143-B442-4BCA-9B2A-58D7F1571592}.Release|iPhoneSimulator.Build.0 = Release|iPhoneSimulator
		{E8952143-B442-4BCA-9B2A-58D7F1571592}.Release|x64.ActiveCfg = Release|iPhone
		{E8952143-B442-4BCA-9B2A-58D7F1571592}.Release|x86.ActiveCfg = Release|iPhone
		{28061A56-5318-4174-96BA-78CD21984005}.Ad-Hoc|Any CPU.ActiveCfg = Release|Any CPU
		{28061A56-5318-4174-96BA-78CD21984005}.Ad-Hoc|Any CPU.Build.0 = Release|Any CPU
		{28061A56-5318-4174-96BA-78CD21984005}.Ad-Hoc|ARM.ActiveCfg = Release|Any CPU
		{28061A56-5318-4174-96BA-78CD21984005}.Ad-Hoc|ARM.Build.0 = Release|Any CPU
		{28061A56-5318-4174-96BA-78CD21984005}.Ad-Hoc|iPhone.ActiveCfg = Release|Any CPU
		{28061A56-5318-4174-96BA-78CD21984005}.Ad-Hoc|iPhone.Build.0 = Release|Any CPU
		{28061A56-5318-4174-96BA-78CD21984005}.Ad-Hoc|iPhoneSimulator.ActiveCfg = Release|Any CPU
		{28061A56-5318-4174-96BA-78CD21984005}.Ad-Hoc|iPhoneSimulator.Build.0 = Release|Any CPU
		{28061A56-5318-4174-96BA-78CD21984005}.Ad-Hoc|x64.ActiveCfg = Release|Any CPU
		{28061A56-5318-4174-96BA-78CD21984005}.Ad-Hoc|x64.Build.0 = Release|Any CPU
		{28061A56-5318-4174-96BA-78CD21984005}.Ad-Hoc|x86.ActiveCfg = Release|Any CPU
		{28061A56-5318-4174-96BA-78CD21984005}.Ad-Hoc|x86.Build.0 = Release|Any CPU
		{28061A56-5318-4174-96BA-78CD21984005}.AppStore|Any CPU.ActiveCfg = Release|Any CPU
		{28061A56-5318-4174-96BA-78CD21984005}.AppStore|Any CPU.Build.0 = Release|Any CPU
		{28061A56-5318-4174-96BA-78CD21984005}.AppStore|ARM.ActiveCfg = Release|Any CPU
		{28061A56-5318-4174-96BA-78CD21984005}.AppStore|ARM.Build.0 = Release|Any CPU
		{28061A56-5318-4174-96BA-78CD21984005}.AppStore|iPhone.ActiveCfg = Release|Any CPU
		{28061A56-5318-4174-96BA-78CD21984005}.AppStore|iPhone.Build.0 = Release|Any CPU
		{28061A56-5318-4174-96BA-78CD21984005}.AppStore|iPhoneSimulator.ActiveCfg = Release|Any CPU
		{28061A56-5318-4174-96BA-78CD21984005}.AppStore|iPhoneSimulator.Build.0 = Release|Any CPU
		{28061A56-5318-4174-96BA-78CD21984005}.AppStore|x64.ActiveCfg = Release|Any CPU
		{28061A56-5318-4174-96BA-78CD21984005}.AppStore|x64.Build.0 = Release|Any CPU
		{28061A56-5318-4174-96BA-78CD21984005}.AppStore|x86.ActiveCfg = Release|Any CPU
		{28061A56-5318-4174-96BA-78CD21984005}.AppStore|x86.Build.0 = Release|Any CPU
		{28061A56-5318-4174-96BA-78CD21984005}.Debug|Any CPU.ActiveCfg = Debug|Any CPU
		{28061A56-5318-4174-96BA-78CD21984005}.Debug|Any CPU.Build.0 = Debug|Any CPU
		{28061A56-5318-4174-96BA-78CD21984005}.Debug|ARM.ActiveCfg = Debug|Any CPU
		{28061A56-5318-4174-96BA-78CD21984005}.Debug|ARM.Build.0 = Debug|Any CPU
		{28061A56-5318-4174-96BA-78CD21984005}.Debug|iPhone.ActiveCfg = Debug|Any CPU
		{28061A56-5318-4174-96BA-78CD21984005}.Debug|iPhone.Build.0 = Debug|Any CPU
		{28061A56-5318-4174-96BA-78CD21984005}.Debug|iPhoneSimulator.ActiveCfg = Debug|Any CPU
		{28061A56-5318-4174-96BA-78CD21984005}.Debug|iPhoneSimulator.Build.0 = Debug|Any CPU
		{28061A56-5318-4174-96BA-78CD21984005}.Debug|x64.ActiveCfg = Debug|Any CPU
		{28061A56-5318-4174-96BA-78CD21984005}.Debug|x64.Build.0 = Debug|Any CPU
		{28061A56-5318-4174-96BA-78CD21984005}.Debug|x86.ActiveCfg = Debug|Any CPU
		{28061A56-5318-4174-96BA-78CD21984005}.Debug|x86.Build.0 = Debug|Any CPU
		{28061A56-5318-4174-96BA-78CD21984005}.Release|Any CPU.ActiveCfg = Release|Any CPU
		{28061A56-5318-4174-96BA-78CD21984005}.Release|Any CPU.Build.0 = Release|Any CPU
		{28061A56-5318-4174-96BA-78CD21984005}.Release|ARM.ActiveCfg = Release|Any CPU
		{28061A56-5318-4174-96BA-78CD21984005}.Release|ARM.Build.0 = Release|Any CPU
		{28061A56-5318-4174-96BA-78CD21984005}.Release|iPhone.ActiveCfg = Release|Any CPU
		{28061A56-5318-4174-96BA-78CD21984005}.Release|iPhone.Build.0 = Release|Any CPU
		{28061A56-5318-4174-96BA-78CD21984005}.Release|iPhoneSimulator.ActiveCfg = Release|Any CPU
		{28061A56-5318-4174-96BA-78CD21984005}.Release|iPhoneSimulator.Build.0 = Release|Any CPU
		{28061A56-5318-4174-96BA-78CD21984005}.Release|x64.ActiveCfg = Release|Any CPU
		{28061A56-5318-4174-96BA-78CD21984005}.Release|x64.Build.0 = Release|Any CPU
		{28061A56-5318-4174-96BA-78CD21984005}.Release|x86.ActiveCfg = Release|Any CPU
		{28061A56-5318-4174-96BA-78CD21984005}.Release|x86.Build.0 = Release|Any CPU
		{67F9D3A8-F71E-4428-913F-C37AE82CDB24}.Ad-Hoc|Any CPU.ActiveCfg = Release|Any CPU
		{67F9D3A8-F71E-4428-913F-C37AE82CDB24}.Ad-Hoc|Any CPU.Build.0 = Release|Any CPU
		{67F9D3A8-F71E-4428-913F-C37AE82CDB24}.Ad-Hoc|ARM.ActiveCfg = Release|Any CPU
		{67F9D3A8-F71E-4428-913F-C37AE82CDB24}.Ad-Hoc|ARM.Build.0 = Release|Any CPU
		{67F9D3A8-F71E-4428-913F-C37AE82CDB24}.Ad-Hoc|iPhone.ActiveCfg = Release|Any CPU
		{67F9D3A8-F71E-4428-913F-C37AE82CDB24}.Ad-Hoc|iPhone.Build.0 = Release|Any CPU
		{67F9D3A8-F71E-4428-913F-C37AE82CDB24}.Ad-Hoc|iPhoneSimulator.ActiveCfg = Release|Any CPU
		{67F9D3A8-F71E-4428-913F-C37AE82CDB24}.Ad-Hoc|iPhoneSimulator.Build.0 = Release|Any CPU
		{67F9D3A8-F71E-4428-913F-C37AE82CDB24}.Ad-Hoc|x64.ActiveCfg = Release|Any CPU
		{67F9D3A8-F71E-4428-913F-C37AE82CDB24}.Ad-Hoc|x64.Build.0 = Release|Any CPU
		{67F9D3A8-F71E-4428-913F-C37AE82CDB24}.Ad-Hoc|x86.ActiveCfg = Release|Any CPU
		{67F9D3A8-F71E-4428-913F-C37AE82CDB24}.Ad-Hoc|x86.Build.0 = Release|Any CPU
		{67F9D3A8-F71E-4428-913F-C37AE82CDB24}.AppStore|Any CPU.ActiveCfg = Release|Any CPU
		{67F9D3A8-F71E-4428-913F-C37AE82CDB24}.AppStore|Any CPU.Build.0 = Release|Any CPU
		{67F9D3A8-F71E-4428-913F-C37AE82CDB24}.AppStore|ARM.ActiveCfg = Release|Any CPU
		{67F9D3A8-F71E-4428-913F-C37AE82CDB24}.AppStore|ARM.Build.0 = Release|Any CPU
		{67F9D3A8-F71E-4428-913F-C37AE82CDB24}.AppStore|iPhone.ActiveCfg = Release|Any CPU
		{67F9D3A8-F71E-4428-913F-C37AE82CDB24}.AppStore|iPhone.Build.0 = Release|Any CPU
		{67F9D3A8-F71E-4428-913F-C37AE82CDB24}.AppStore|iPhoneSimulator.ActiveCfg = Release|Any CPU
		{67F9D3A8-F71E-4428-913F-C37AE82CDB24}.AppStore|iPhoneSimulator.Build.0 = Release|Any CPU
		{67F9D3A8-F71E-4428-913F-C37AE82CDB24}.AppStore|x64.ActiveCfg = Release|Any CPU
		{67F9D3A8-F71E-4428-913F-C37AE82CDB24}.AppStore|x64.Build.0 = Release|Any CPU
		{67F9D3A8-F71E-4428-913F-C37AE82CDB24}.AppStore|x86.ActiveCfg = Release|Any CPU
		{67F9D3A8-F71E-4428-913F-C37AE82CDB24}.AppStore|x86.Build.0 = Release|Any CPU
		{67F9D3A8-F71E-4428-913F-C37AE82CDB24}.Debug|Any CPU.ActiveCfg = Debug|Any CPU
		{67F9D3A8-F71E-4428-913F-C37AE82CDB24}.Debug|Any CPU.Build.0 = Debug|Any CPU
		{67F9D3A8-F71E-4428-913F-C37AE82CDB24}.Debug|ARM.ActiveCfg = Debug|Any CPU
		{67F9D3A8-F71E-4428-913F-C37AE82CDB24}.Debug|ARM.Build.0 = Debug|Any CPU
		{67F9D3A8-F71E-4428-913F-C37AE82CDB24}.Debug|iPhone.ActiveCfg = Debug|Any CPU
		{67F9D3A8-F71E-4428-913F-C37AE82CDB24}.Debug|iPhone.Build.0 = Debug|Any CPU
		{67F9D3A8-F71E-4428-913F-C37AE82CDB24}.Debug|iPhoneSimulator.ActiveCfg = Debug|Any CPU
		{67F9D3A8-F71E-4428-913F-C37AE82CDB24}.Debug|iPhoneSimulator.Build.0 = Debug|Any CPU
		{67F9D3A8-F71E-4428-913F-C37AE82CDB24}.Debug|x64.ActiveCfg = Debug|Any CPU
		{67F9D3A8-F71E-4428-913F-C37AE82CDB24}.Debug|x64.Build.0 = Debug|Any CPU
		{67F9D3A8-F71E-4428-913F-C37AE82CDB24}.Debug|x86.ActiveCfg = Debug|Any CPU
		{67F9D3A8-F71E-4428-913F-C37AE82CDB24}.Debug|x86.Build.0 = Debug|Any CPU
		{67F9D3A8-F71E-4428-913F-C37AE82CDB24}.Release|Any CPU.ActiveCfg = Release|Any CPU
		{67F9D3A8-F71E-4428-913F-C37AE82CDB24}.Release|Any CPU.Build.0 = Release|Any CPU
		{67F9D3A8-F71E-4428-913F-C37AE82CDB24}.Release|ARM.ActiveCfg = Release|Any CPU
		{67F9D3A8-F71E-4428-913F-C37AE82CDB24}.Release|ARM.Build.0 = Release|Any CPU
		{67F9D3A8-F71E-4428-913F-C37AE82CDB24}.Release|iPhone.ActiveCfg = Release|Any CPU
		{67F9D3A8-F71E-4428-913F-C37AE82CDB24}.Release|iPhone.Build.0 = Release|Any CPU
		{67F9D3A8-F71E-4428-913F-C37AE82CDB24}.Release|iPhoneSimulator.ActiveCfg = Release|Any CPU
		{67F9D3A8-F71E-4428-913F-C37AE82CDB24}.Release|iPhoneSimulator.Build.0 = Release|Any CPU
		{67F9D3A8-F71E-4428-913F-C37AE82CDB24}.Release|x64.ActiveCfg = Release|Any CPU
		{67F9D3A8-F71E-4428-913F-C37AE82CDB24}.Release|x64.Build.0 = Release|Any CPU
		{67F9D3A8-F71E-4428-913F-C37AE82CDB24}.Release|x86.ActiveCfg = Release|Any CPU
		{67F9D3A8-F71E-4428-913F-C37AE82CDB24}.Release|x86.Build.0 = Release|Any CPU
		{6F1EB7D3-C497-4F7A-84FE-9151023403A9}.Ad-Hoc|Any CPU.ActiveCfg = Release|Any CPU
		{6F1EB7D3-C497-4F7A-84FE-9151023403A9}.Ad-Hoc|Any CPU.Build.0 = Release|Any CPU
		{6F1EB7D3-C497-4F7A-84FE-9151023403A9}.Ad-Hoc|ARM.ActiveCfg = Release|Any CPU
		{6F1EB7D3-C497-4F7A-84FE-9151023403A9}.Ad-Hoc|ARM.Build.0 = Release|Any CPU
		{6F1EB7D3-C497-4F7A-84FE-9151023403A9}.Ad-Hoc|iPhone.ActiveCfg = Release|Any CPU
		{6F1EB7D3-C497-4F7A-84FE-9151023403A9}.Ad-Hoc|iPhone.Build.0 = Release|Any CPU
		{6F1EB7D3-C497-4F7A-84FE-9151023403A9}.Ad-Hoc|iPhoneSimulator.ActiveCfg = Release|Any CPU
		{6F1EB7D3-C497-4F7A-84FE-9151023403A9}.Ad-Hoc|iPhoneSimulator.Build.0 = Release|Any CPU
		{6F1EB7D3-C497-4F7A-84FE-9151023403A9}.Ad-Hoc|x64.ActiveCfg = Release|Any CPU
		{6F1EB7D3-C497-4F7A-84FE-9151023403A9}.Ad-Hoc|x64.Build.0 = Release|Any CPU
		{6F1EB7D3-C497-4F7A-84FE-9151023403A9}.Ad-Hoc|x86.ActiveCfg = Release|Any CPU
		{6F1EB7D3-C497-4F7A-84FE-9151023403A9}.Ad-Hoc|x86.Build.0 = Release|Any CPU
		{6F1EB7D3-C497-4F7A-84FE-9151023403A9}.AppStore|Any CPU.ActiveCfg = Release|Any CPU
		{6F1EB7D3-C497-4F7A-84FE-9151023403A9}.AppStore|Any CPU.Build.0 = Release|Any CPU
		{6F1EB7D3-C497-4F7A-84FE-9151023403A9}.AppStore|ARM.ActiveCfg = Release|Any CPU
		{6F1EB7D3-C497-4F7A-84FE-9151023403A9}.AppStore|ARM.Build.0 = Release|Any CPU
		{6F1EB7D3-C497-4F7A-84FE-9151023403A9}.AppStore|iPhone.ActiveCfg = Release|Any CPU
		{6F1EB7D3-C497-4F7A-84FE-9151023403A9}.AppStore|iPhone.Build.0 = Release|Any CPU
		{6F1EB7D3-C497-4F7A-84FE-9151023403A9}.AppStore|iPhoneSimulator.ActiveCfg = Release|Any CPU
		{6F1EB7D3-C497-4F7A-84FE-9151023403A9}.AppStore|iPhoneSimulator.Build.0 = Release|Any CPU
		{6F1EB7D3-C497-4F7A-84FE-9151023403A9}.AppStore|x64.ActiveCfg = Release|Any CPU
		{6F1EB7D3-C497-4F7A-84FE-9151023403A9}.AppStore|x64.Build.0 = Release|Any CPU
		{6F1EB7D3-C497-4F7A-84FE-9151023403A9}.AppStore|x86.ActiveCfg = Release|Any CPU
		{6F1EB7D3-C497-4F7A-84FE-9151023403A9}.AppStore|x86.Build.0 = Release|Any CPU
		{6F1EB7D3-C497-4F7A-84FE-9151023403A9}.Debug|Any CPU.ActiveCfg = Debug|Any CPU
		{6F1EB7D3-C497-4F7A-84FE-9151023403A9}.Debug|Any CPU.Build.0 = Debug|Any CPU
		{6F1EB7D3-C497-4F7A-84FE-9151023403A9}.Debug|ARM.ActiveCfg = Debug|Any CPU
		{6F1EB7D3-C497-4F7A-84FE-9151023403A9}.Debug|ARM.Build.0 = Debug|Any CPU
		{6F1EB7D3-C497-4F7A-84FE-9151023403A9}.Debug|iPhone.ActiveCfg = Debug|Any CPU
		{6F1EB7D3-C497-4F7A-84FE-9151023403A9}.Debug|iPhone.Build.0 = Debug|Any CPU
		{6F1EB7D3-C497-4F7A-84FE-9151023403A9}.Debug|iPhoneSimulator.ActiveCfg = Debug|Any CPU
		{6F1EB7D3-C497-4F7A-84FE-9151023403A9}.Debug|iPhoneSimulator.Build.0 = Debug|Any CPU
		{6F1EB7D3-C497-4F7A-84FE-9151023403A9}.Debug|x64.ActiveCfg = Debug|Any CPU
		{6F1EB7D3-C497-4F7A-84FE-9151023403A9}.Debug|x64.Build.0 = Debug|Any CPU
		{6F1EB7D3-C497-4F7A-84FE-9151023403A9}.Debug|x86.ActiveCfg = Debug|Any CPU
		{6F1EB7D3-C497-4F7A-84FE-9151023403A9}.Debug|x86.Build.0 = Debug|Any CPU
		{6F1EB7D3-C497-4F7A-84FE-9151023403A9}.Release|Any CPU.ActiveCfg = Release|Any CPU
		{6F1EB7D3-C497-4F7A-84FE-9151023403A9}.Release|Any CPU.Build.0 = Release|Any CPU
		{6F1EB7D3-C497-4F7A-84FE-9151023403A9}.Release|ARM.ActiveCfg = Release|Any CPU
		{6F1EB7D3-C497-4F7A-84FE-9151023403A9}.Release|ARM.Build.0 = Release|Any CPU
		{6F1EB7D3-C497-4F7A-84FE-9151023403A9}.Release|iPhone.ActiveCfg = Release|Any CPU
		{6F1EB7D3-C497-4F7A-84FE-9151023403A9}.Release|iPhone.Build.0 = Release|Any CPU
		{6F1EB7D3-C497-4F7A-84FE-9151023403A9}.Release|iPhoneSimulator.ActiveCfg = Release|Any CPU
		{6F1EB7D3-C497-4F7A-84FE-9151023403A9}.Release|iPhoneSimulator.Build.0 = Release|Any CPU
		{6F1EB7D3-C497-4F7A-84FE-9151023403A9}.Release|x64.ActiveCfg = Release|Any CPU
		{6F1EB7D3-C497-4F7A-84FE-9151023403A9}.Release|x64.Build.0 = Release|Any CPU
		{6F1EB7D3-C497-4F7A-84FE-9151023403A9}.Release|x86.ActiveCfg = Release|Any CPU
		{6F1EB7D3-C497-4F7A-84FE-9151023403A9}.Release|x86.Build.0 = Release|Any CPU
		{A0BC7FFF-F749-4211-9C78-8E222E1C5A54}.Ad-Hoc|Any CPU.ActiveCfg = Release|Any CPU
		{A0BC7FFF-F749-4211-9C78-8E222E1C5A54}.Ad-Hoc|Any CPU.Build.0 = Release|Any CPU
		{A0BC7FFF-F749-4211-9C78-8E222E1C5A54}.Ad-Hoc|ARM.ActiveCfg = Release|Any CPU
		{A0BC7FFF-F749-4211-9C78-8E222E1C5A54}.Ad-Hoc|ARM.Build.0 = Release|Any CPU
		{A0BC7FFF-F749-4211-9C78-8E222E1C5A54}.Ad-Hoc|iPhone.ActiveCfg = Release|Any CPU
		{A0BC7FFF-F749-4211-9C78-8E222E1C5A54}.Ad-Hoc|iPhone.Build.0 = Release|Any CPU
		{A0BC7FFF-F749-4211-9C78-8E222E1C5A54}.Ad-Hoc|iPhoneSimulator.ActiveCfg = Release|Any CPU
		{A0BC7FFF-F749-4211-9C78-8E222E1C5A54}.Ad-Hoc|iPhoneSimulator.Build.0 = Release|Any CPU
		{A0BC7FFF-F749-4211-9C78-8E222E1C5A54}.Ad-Hoc|x64.ActiveCfg = Release|Any CPU
		{A0BC7FFF-F749-4211-9C78-8E222E1C5A54}.Ad-Hoc|x64.Build.0 = Release|Any CPU
		{A0BC7FFF-F749-4211-9C78-8E222E1C5A54}.Ad-Hoc|x86.ActiveCfg = Release|Any CPU
		{A0BC7FFF-F749-4211-9C78-8E222E1C5A54}.Ad-Hoc|x86.Build.0 = Release|Any CPU
		{A0BC7FFF-F749-4211-9C78-8E222E1C5A54}.AppStore|Any CPU.ActiveCfg = Release|Any CPU
		{A0BC7FFF-F749-4211-9C78-8E222E1C5A54}.AppStore|Any CPU.Build.0 = Release|Any CPU
		{A0BC7FFF-F749-4211-9C78-8E222E1C5A54}.AppStore|ARM.ActiveCfg = Release|Any CPU
		{A0BC7FFF-F749-4211-9C78-8E222E1C5A54}.AppStore|ARM.Build.0 = Release|Any CPU
		{A0BC7FFF-F749-4211-9C78-8E222E1C5A54}.AppStore|iPhone.ActiveCfg = Release|Any CPU
		{A0BC7FFF-F749-4211-9C78-8E222E1C5A54}.AppStore|iPhone.Build.0 = Release|Any CPU
		{A0BC7FFF-F749-4211-9C78-8E222E1C5A54}.AppStore|iPhoneSimulator.ActiveCfg = Release|Any CPU
		{A0BC7FFF-F749-4211-9C78-8E222E1C5A54}.AppStore|iPhoneSimulator.Build.0 = Release|Any CPU
		{A0BC7FFF-F749-4211-9C78-8E222E1C5A54}.AppStore|x64.ActiveCfg = Release|Any CPU
		{A0BC7FFF-F749-4211-9C78-8E222E1C5A54}.AppStore|x64.Build.0 = Release|Any CPU
		{A0BC7FFF-F749-4211-9C78-8E222E1C5A54}.AppStore|x86.ActiveCfg = Release|Any CPU
		{A0BC7FFF-F749-4211-9C78-8E222E1C5A54}.AppStore|x86.Build.0 = Release|Any CPU
		{A0BC7FFF-F749-4211-9C78-8E222E1C5A54}.Debug|Any CPU.ActiveCfg = Debug|Any CPU
		{A0BC7FFF-F749-4211-9C78-8E222E1C5A54}.Debug|Any CPU.Build.0 = Debug|Any CPU
		{A0BC7FFF-F749-4211-9C78-8E222E1C5A54}.Debug|ARM.ActiveCfg = Debug|Any CPU
		{A0BC7FFF-F749-4211-9C78-8E222E1C5A54}.Debug|ARM.Build.0 = Debug|Any CPU
		{A0BC7FFF-F749-4211-9C78-8E222E1C5A54}.Debug|iPhone.ActiveCfg = Debug|Any CPU
		{A0BC7FFF-F749-4211-9C78-8E222E1C5A54}.Debug|iPhone.Build.0 = Debug|Any CPU
		{A0BC7FFF-F749-4211-9C78-8E222E1C5A54}.Debug|iPhoneSimulator.ActiveCfg = Debug|Any CPU
		{A0BC7FFF-F749-4211-9C78-8E222E1C5A54}.Debug|iPhoneSimulator.Build.0 = Debug|Any CPU
		{A0BC7FFF-F749-4211-9C78-8E222E1C5A54}.Debug|x64.ActiveCfg = Debug|Any CPU
		{A0BC7FFF-F749-4211-9C78-8E222E1C5A54}.Debug|x64.Build.0 = Debug|Any CPU
		{A0BC7FFF-F749-4211-9C78-8E222E1C5A54}.Debug|x86.ActiveCfg = Debug|Any CPU
		{A0BC7FFF-F749-4211-9C78-8E222E1C5A54}.Debug|x86.Build.0 = Debug|Any CPU
		{A0BC7FFF-F749-4211-9C78-8E222E1C5A54}.Release|Any CPU.ActiveCfg = Release|Any CPU
		{A0BC7FFF-F749-4211-9C78-8E222E1C5A54}.Release|Any CPU.Build.0 = Release|Any CPU
		{A0BC7FFF-F749-4211-9C78-8E222E1C5A54}.Release|ARM.ActiveCfg = Release|Any CPU
		{A0BC7FFF-F749-4211-9C78-8E222E1C5A54}.Release|ARM.Build.0 = Release|Any CPU
		{A0BC7FFF-F749-4211-9C78-8E222E1C5A54}.Release|iPhone.ActiveCfg = Release|Any CPU
		{A0BC7FFF-F749-4211-9C78-8E222E1C5A54}.Release|iPhone.Build.0 = Release|Any CPU
		{A0BC7FFF-F749-4211-9C78-8E222E1C5A54}.Release|iPhoneSimulator.ActiveCfg = Release|Any CPU
		{A0BC7FFF-F749-4211-9C78-8E222E1C5A54}.Release|iPhoneSimulator.Build.0 = Release|Any CPU
		{A0BC7FFF-F749-4211-9C78-8E222E1C5A54}.Release|x64.ActiveCfg = Release|Any CPU
		{A0BC7FFF-F749-4211-9C78-8E222E1C5A54}.Release|x64.Build.0 = Release|Any CPU
		{A0BC7FFF-F749-4211-9C78-8E222E1C5A54}.Release|x86.ActiveCfg = Release|Any CPU
		{A0BC7FFF-F749-4211-9C78-8E222E1C5A54}.Release|x86.Build.0 = Release|Any CPU
	EndGlobalSection
	GlobalSection(SolutionProperties) = preSolution
		HideSolutionNode = FALSE
	EndGlobalSection
	GlobalSection(NestedProjects) = preSolution
		{67F9D3A8-F71E-4428-913F-C37AE82CDB24} = {01D128A4-F658-429C-A255-9372D0FE65E8}
		{6F1EB7D3-C497-4F7A-84FE-9151023403A9} = {01D128A4-F658-429C-A255-9372D0FE65E8}
		{A0BC7FFF-F749-4211-9C78-8E222E1C5A54} = {01D128A4-F658-429C-A255-9372D0FE65E8}
	EndGlobalSection
	GlobalSection(TeamFoundationVersionControl) = preSolution
		SccNumberOfProjects = 8
		SccEnterpriseProvider = {4CA58AB2-18FA-4F8D-95D4-32DDF27D184C}
		SccTeamFoundationServer = https://arabwaha.visualstudio.com/
		SccLocalPath0 = .
		SccProjectUniqueName1 = ..\\ArabWaha.Core\\ArabWaha.Core.csproj
		SccProjectName1 = ../ArabWaha.Core
		SccLocalPath1 = ..\\ArabWaha.Core
		SccProjectUniqueName2 = ArabWaha.Employee\\ArabWaha.Employee.Android\\ArabWaha.Employee.Android.csproj
		SccProjectName2 = ArabWaha.Employee/ArabWaha.Employee.Android
		SccLocalPath2 = ArabWaha.Employee\\ArabWaha.Employee.Android
		SccProjectUniqueName3 = ArabWaha.Employee\\ArabWaha.Employee.iOS\\ArabWaha.Employee.iOS.csproj
		SccProjectName3 = ArabWaha.Employee/ArabWaha.Employee.iOS
		SccLocalPath3 = ArabWaha.Employee\\ArabWaha.Employee.iOS
		SccProjectUniqueName4 = ArabWaha.Employee\\ArabWaha.Employee\\ArabWaha.Employee.csproj
		SccProjectName4 = ArabWaha.Employee/ArabWaha.Employee
		SccLocalPath4 = ArabWaha.Employee\\ArabWaha.Employee
		SccProjectUniqueName5 = ..\\ArabWaha.Common\\ArabWaha.Common.Forms\\ArabWaha.Common.Forms.csproj
		SccProjectTopLevelParentUniqueName5 = ArabWaha.Employee.sln
		SccProjectName5 = ../ArabWaha.Common/ArabWaha.Common.Forms
		SccLocalPath5 = ..\\ArabWaha.Common\\ArabWaha.Common.Forms
		SccProjectUniqueName6 = ..\\ArabWaha.Common\\ArabWaha.Common.iOS\\ArabWaha.Common.iOS.csproj
		SccProjectTopLevelParentUniqueName6 = ArabWaha.Employee.sln
		SccProjectName6 = ../ArabWaha.Common/ArabWaha.Common.iOS
		SccLocalPath6 = ..\\ArabWaha.Common\\ArabWaha.Common.iOS
		SccProjectUniqueName7 = ..\\ArabWaha.Common\\ArabWaha.Common.Driod\\ArabWaha.Common.Droid.csproj
		SccProjectTopLevelParentUniqueName7 = ArabWaha.Employee.sln
		SccProjectName7 = ../ArabWaha.Common/ArabWaha.Common.Driod
		SccLocalPath7 = ..\\ArabWaha.Common\\ArabWaha.Common.Driod
	EndGlobalSection
EndGlobal
